// !$*UTF8*$!
{
	archiveVersion = 1;
	classes = {
	};
	objectVersion = 46;
	objects = {

/* Begin PBXBuildFile section */
		5500E91818EAC788001B8CCB /* DUGradientBackgroundView.m in Sources */ = {isa = PBXBuildFile; fileRef = 5500E91718EAC788001B8CCB /* DUGradientBackgroundView.m */; };
		5500E91918EAC788001B8CCB /* DUGradientBackgroundView.m in Sources */ = {isa = PBXBuildFile; fileRef = 5500E91718EAC788001B8CCB /* DUGradientBackgroundView.m */; };
		550847011AA5FAE300E33BE2 /* DUFileLogger.m in Sources */ = {isa = PBXBuildFile; fileRef = 550847001AA5FAE300E33BE2 /* DUFileLogger.m */; };
		550847021AA5FAF500E33BE2 /* DUFileLogger.h in Copy Header Files */ = {isa = PBXBuildFile; fileRef = 550846FF1AA5FAE300E33BE2 /* DUFileLogger.h */; };
		5561FF9D18AE911F0014F1A7 /* DUVersion.m in Sources */ = {isa = PBXBuildFile; fileRef = 5561FF9C18AE911F0014F1A7 /* DUVersion.m */; };
		5561FFA218AE973F0014F1A7 /* DevedUpKitTests.m in Sources */ = {isa = PBXBuildFile; fileRef = 557BCEA918081534007E3D75 /* DevedUpKitTests.m */; };
		5561FFA318AE97450014F1A7 /* TestDUVersion.m in Sources */ = {isa = PBXBuildFile; fileRef = 5561FF9F18AE96310014F1A7 /* TestDUVersion.m */; };
		5561FFA418AEB6870014F1A7 /* DUVersion.m in Sources */ = {isa = PBXBuildFile; fileRef = 5561FF9C18AE911F0014F1A7 /* DUVersion.m */; };
		557BCE8E18081534007E3D75 /* Foundation.framework in Frameworks */ = {isa = PBXBuildFile; fileRef = 557BCE8D18081534007E3D75 /* Foundation.framework */; };
		557BCE9C18081534007E3D75 /* XCTest.framework in Frameworks */ = {isa = PBXBuildFile; fileRef = 557BCE9B18081534007E3D75 /* XCTest.framework */; };
		557BCE9D18081534007E3D75 /* Foundation.framework in Frameworks */ = {isa = PBXBuildFile; fileRef = 557BCE8D18081534007E3D75 /* Foundation.framework */; };
		557BCE9F18081534007E3D75 /* UIKit.framework in Frameworks */ = {isa = PBXBuildFile; fileRef = 557BCE9E18081534007E3D75 /* UIKit.framework */; };
		557BCEA218081534007E3D75 /* libDevedUpKit.a in Frameworks */ = {isa = PBXBuildFile; fileRef = 557BCE8A18081534007E3D75 /* libDevedUpKit.a */; };
		557BCEA818081534007E3D75 /* InfoPlist.strings in Resources */ = {isa = PBXBuildFile; fileRef = 557BCEA618081534007E3D75 /* InfoPlist.strings */; };
		557BCF071808169D007E3D75 /* UIKit.framework in Frameworks */ = {isa = PBXBuildFile; fileRef = 557BCF061808169D007E3D75 /* UIKit.framework */; };
		557BD07318081981007E3D75 /* UIView+DUBlur.m in Sources */ = {isa = PBXBuildFile; fileRef = 557BCFA218081980007E3D75 /* UIView+DUBlur.m */; };
		557BD07518081981007E3D75 /* DUAutolayout.m in Sources */ = {isa = PBXBuildFile; fileRef = 557BCFA518081980007E3D75 /* DUAutolayout.m */; };
		557BD07718081981007E3D75 /* DUBlocks.m in Sources */ = {isa = PBXBuildFile; fileRef = 557BCFA818081980007E3D75 /* DUBlocks.m */; };
		557BD07B18081981007E3D75 /* DUConcurrentOperation.m in Sources */ = {isa = PBXBuildFile; fileRef = 557BCFAE18081980007E3D75 /* DUConcurrentOperation.m */; };
		557BD08118081981007E3D75 /* DUCoreDataManager.m in Sources */ = {isa = PBXBuildFile; fileRef = 557BCFB618081981007E3D75 /* DUCoreDataManager.m */; };
		557BD0A918081981007E3D75 /* DUConstants.m in Sources */ = {isa = PBXBuildFile; fileRef = 557BCFDF18081981007E3D75 /* DUConstants.m */; };
		557BD0AB18081981007E3D75 /* DUTwoSegmentedControl.m in Sources */ = {isa = PBXBuildFile; fileRef = 557BCFE218081981007E3D75 /* DUTwoSegmentedControl.m */; };
		557BD0AD18081981007E3D75 /* DUGestureFactory.m in Sources */ = {isa = PBXBuildFile; fileRef = 557BCFE518081981007E3D75 /* DUGestureFactory.m */; };
		557BD0AF18081981007E3D75 /* DUTouchDownGestureRecogniser.m in Sources */ = {isa = PBXBuildFile; fileRef = 557BCFE718081981007E3D75 /* DUTouchDownGestureRecogniser.m */; };
		557BD0B918081981007E3D75 /* DUKeychain.m in Sources */ = {isa = PBXBuildFile; fileRef = 557BCFF718081981007E3D75 /* DUKeychain.m */; };
		557BD0BD18081981007E3D75 /* DULocalisation.m in Sources */ = {isa = PBXBuildFile; fileRef = 557BCFFD18081981007E3D75 /* DULocalisation.m */; };
		557BD0C518081981007E3D75 /* DUMigrationController.m in Sources */ = {isa = PBXBuildFile; fileRef = 557BD00818081981007E3D75 /* DUMigrationController.m */; };
		557BD0C718081981007E3D75 /* DUModalProgressView.m in Sources */ = {isa = PBXBuildFile; fileRef = 557BD00B18081981007E3D75 /* DUModalProgressView.m */; };
		557BD0D318081981007E3D75 /* Reachability.m in Sources */ = {isa = PBXBuildFile; fileRef = 557BD01818081981007E3D75 /* Reachability.m */; };
		557BD0D918081981007E3D75 /* NSDate+Extensions.m in Sources */ = {isa = PBXBuildFile; fileRef = 557BD01F18081981007E3D75 /* NSDate+Extensions.m */; };
		557BD0E518081981007E3D75 /* DUProperties.m in Sources */ = {isa = PBXBuildFile; fileRef = 557BD02D18081981007E3D75 /* DUProperties.m */; };
		557BD0EB18081981007E3D75 /* DUStateMachine.m in Sources */ = {isa = PBXBuildFile; fileRef = 557BD03618081981007E3D75 /* DUStateMachine.m */; };
		557BD0F918081981007E3D75 /* UIColor+Extensions.m in Sources */ = {isa = PBXBuildFile; fileRef = 557BD04518081981007E3D75 /* UIColor+Extensions.m */; };
		557BD0FB18081981007E3D75 /* UIDevice+Extensions.m in Sources */ = {isa = PBXBuildFile; fileRef = 557BD04718081981007E3D75 /* UIDevice+Extensions.m */; };
		557BD0FD18081981007E3D75 /* UITableView+DUExtensions.m in Sources */ = {isa = PBXBuildFile; fileRef = 557BD04A18081981007E3D75 /* UITableView+DUExtensions.m */; };
		557BD10118081981007E3D75 /* UIView+DUExtensions.m in Sources */ = {isa = PBXBuildFile; fileRef = 557BD04E18081981007E3D75 /* UIView+DUExtensions.m */; };
		557BD125180819FD007E3D75 /* NSString+DUExtension.m in Sources */ = {isa = PBXBuildFile; fileRef = 557BD124180819FD007E3D75 /* NSString+DUExtension.m */; };
		557BD13118081A47007E3D75 /* NSString+MD5.m in Sources */ = {isa = PBXBuildFile; fileRef = 557BD12C18081A47007E3D75 /* NSString+MD5.m */; };
		557BD14118081A66007E3D75 /* UIImage+Additions.m in Sources */ = {isa = PBXBuildFile; fileRef = 557BD13818081A66007E3D75 /* UIImage+Additions.m */; };
		5580C37F18BF81E9001FD2A9 /* MagicalImportFunctions.m in Sources */ = {isa = PBXBuildFile; fileRef = 5580C34718BF81E9001FD2A9 /* MagicalImportFunctions.m */; };
		5580C38018BF81E9001FD2A9 /* MagicalImportFunctions.m in Sources */ = {isa = PBXBuildFile; fileRef = 5580C34718BF81E9001FD2A9 /* MagicalImportFunctions.m */; };
		5580C38118BF81E9001FD2A9 /* NSAttributeDescription+MagicalDataImport.m in Sources */ = {isa = PBXBuildFile; fileRef = 5580C34918BF81E9001FD2A9 /* NSAttributeDescription+MagicalDataImport.m */; };
		5580C38218BF81E9001FD2A9 /* NSAttributeDescription+MagicalDataImport.m in Sources */ = {isa = PBXBuildFile; fileRef = 5580C34918BF81E9001FD2A9 /* NSAttributeDescription+MagicalDataImport.m */; };
		5580C38318BF81E9001FD2A9 /* NSEntityDescription+MagicalDataImport.m in Sources */ = {isa = PBXBuildFile; fileRef = 5580C34B18BF81E9001FD2A9 /* NSEntityDescription+MagicalDataImport.m */; };
		5580C38418BF81E9001FD2A9 /* NSEntityDescription+MagicalDataImport.m in Sources */ = {isa = PBXBuildFile; fileRef = 5580C34B18BF81E9001FD2A9 /* NSEntityDescription+MagicalDataImport.m */; };
		5580C38518BF81E9001FD2A9 /* NSNumber+MagicalDataImport.m in Sources */ = {isa = PBXBuildFile; fileRef = 5580C34D18BF81E9001FD2A9 /* NSNumber+MagicalDataImport.m */; };
		5580C38618BF81E9001FD2A9 /* NSNumber+MagicalDataImport.m in Sources */ = {isa = PBXBuildFile; fileRef = 5580C34D18BF81E9001FD2A9 /* NSNumber+MagicalDataImport.m */; };
		5580C38718BF81E9001FD2A9 /* NSObject+MagicalDataImport.m in Sources */ = {isa = PBXBuildFile; fileRef = 5580C34F18BF81E9001FD2A9 /* NSObject+MagicalDataImport.m */; };
		5580C38818BF81E9001FD2A9 /* NSObject+MagicalDataImport.m in Sources */ = {isa = PBXBuildFile; fileRef = 5580C34F18BF81E9001FD2A9 /* NSObject+MagicalDataImport.m */; };
		5580C38918BF81E9001FD2A9 /* NSRelationshipDescription+MagicalDataImport.m in Sources */ = {isa = PBXBuildFile; fileRef = 5580C35118BF81E9001FD2A9 /* NSRelationshipDescription+MagicalDataImport.m */; };
		5580C38A18BF81E9001FD2A9 /* NSRelationshipDescription+MagicalDataImport.m in Sources */ = {isa = PBXBuildFile; fileRef = 5580C35118BF81E9001FD2A9 /* NSRelationshipDescription+MagicalDataImport.m */; };
		5580C38B18BF81E9001FD2A9 /* NSString+MagicalDataImport.m in Sources */ = {isa = PBXBuildFile; fileRef = 5580C35318BF81E9001FD2A9 /* NSString+MagicalDataImport.m */; };
		5580C38C18BF81E9001FD2A9 /* NSString+MagicalDataImport.m in Sources */ = {isa = PBXBuildFile; fileRef = 5580C35318BF81E9001FD2A9 /* NSString+MagicalDataImport.m */; };
		5580C38D18BF81E9001FD2A9 /* NSManagedObject+MagicalAggregation.m in Sources */ = {isa = PBXBuildFile; fileRef = 5580C35618BF81E9001FD2A9 /* NSManagedObject+MagicalAggregation.m */; };
		5580C38E18BF81E9001FD2A9 /* NSManagedObject+MagicalAggregation.m in Sources */ = {isa = PBXBuildFile; fileRef = 5580C35618BF81E9001FD2A9 /* NSManagedObject+MagicalAggregation.m */; };
		5580C38F18BF81E9001FD2A9 /* NSManagedObject+MagicalDataImport.m in Sources */ = {isa = PBXBuildFile; fileRef = 5580C35818BF81E9001FD2A9 /* NSManagedObject+MagicalDataImport.m */; };
		5580C39018BF81E9001FD2A9 /* NSManagedObject+MagicalDataImport.m in Sources */ = {isa = PBXBuildFile; fileRef = 5580C35818BF81E9001FD2A9 /* NSManagedObject+MagicalDataImport.m */; };
		5580C39118BF81E9001FD2A9 /* NSManagedObject+MagicalFinders.m in Sources */ = {isa = PBXBuildFile; fileRef = 5580C35A18BF81E9001FD2A9 /* NSManagedObject+MagicalFinders.m */; };
		5580C39218BF81E9001FD2A9 /* NSManagedObject+MagicalFinders.m in Sources */ = {isa = PBXBuildFile; fileRef = 5580C35A18BF81E9001FD2A9 /* NSManagedObject+MagicalFinders.m */; };
		5580C39318BF81E9001FD2A9 /* NSManagedObject+MagicalRecord.m in Sources */ = {isa = PBXBuildFile; fileRef = 5580C35C18BF81E9001FD2A9 /* NSManagedObject+MagicalRecord.m */; };
		5580C39418BF81E9001FD2A9 /* NSManagedObject+MagicalRecord.m in Sources */ = {isa = PBXBuildFile; fileRef = 5580C35C18BF81E9001FD2A9 /* NSManagedObject+MagicalRecord.m */; };
		5580C39518BF81E9001FD2A9 /* NSManagedObject+MagicalRequests.m in Sources */ = {isa = PBXBuildFile; fileRef = 5580C35E18BF81E9001FD2A9 /* NSManagedObject+MagicalRequests.m */; };
		5580C39618BF81E9001FD2A9 /* NSManagedObject+MagicalRequests.m in Sources */ = {isa = PBXBuildFile; fileRef = 5580C35E18BF81E9001FD2A9 /* NSManagedObject+MagicalRequests.m */; };
		5580C39718BF81E9001FD2A9 /* NSManagedObjectContext+MagicalObserving.m in Sources */ = {isa = PBXBuildFile; fileRef = 5580C36118BF81E9001FD2A9 /* NSManagedObjectContext+MagicalObserving.m */; };
		5580C39818BF81E9001FD2A9 /* NSManagedObjectContext+MagicalObserving.m in Sources */ = {isa = PBXBuildFile; fileRef = 5580C36118BF81E9001FD2A9 /* NSManagedObjectContext+MagicalObserving.m */; };
		5580C39918BF81E9001FD2A9 /* NSManagedObjectContext+MagicalRecord.m in Sources */ = {isa = PBXBuildFile; fileRef = 5580C36318BF81E9001FD2A9 /* NSManagedObjectContext+MagicalRecord.m */; };
		5580C39A18BF81E9001FD2A9 /* NSManagedObjectContext+MagicalRecord.m in Sources */ = {isa = PBXBuildFile; fileRef = 5580C36318BF81E9001FD2A9 /* NSManagedObjectContext+MagicalRecord.m */; };
		5580C39B18BF81E9001FD2A9 /* NSManagedObjectContext+MagicalSaves.m in Sources */ = {isa = PBXBuildFile; fileRef = 5580C36518BF81E9001FD2A9 /* NSManagedObjectContext+MagicalSaves.m */; };
		5580C39C18BF81E9001FD2A9 /* NSManagedObjectContext+MagicalSaves.m in Sources */ = {isa = PBXBuildFile; fileRef = 5580C36518BF81E9001FD2A9 /* NSManagedObjectContext+MagicalSaves.m */; };
		5580C39D18BF81E9001FD2A9 /* NSManagedObjectContext+MagicalThreading.m in Sources */ = {isa = PBXBuildFile; fileRef = 5580C36718BF81E9001FD2A9 /* NSManagedObjectContext+MagicalThreading.m */; };
		5580C39E18BF81E9001FD2A9 /* NSManagedObjectContext+MagicalThreading.m in Sources */ = {isa = PBXBuildFile; fileRef = 5580C36718BF81E9001FD2A9 /* NSManagedObjectContext+MagicalThreading.m */; };
		5580C39F18BF81E9001FD2A9 /* NSManagedObjectModel+MagicalRecord.m in Sources */ = {isa = PBXBuildFile; fileRef = 5580C36918BF81E9001FD2A9 /* NSManagedObjectModel+MagicalRecord.m */; };
		5580C3A018BF81E9001FD2A9 /* NSManagedObjectModel+MagicalRecord.m in Sources */ = {isa = PBXBuildFile; fileRef = 5580C36918BF81E9001FD2A9 /* NSManagedObjectModel+MagicalRecord.m */; };
		5580C3A118BF81E9001FD2A9 /* NSPersistentStore+MagicalRecord.m in Sources */ = {isa = PBXBuildFile; fileRef = 5580C36B18BF81E9001FD2A9 /* NSPersistentStore+MagicalRecord.m */; };
		5580C3A218BF81E9001FD2A9 /* NSPersistentStore+MagicalRecord.m in Sources */ = {isa = PBXBuildFile; fileRef = 5580C36B18BF81E9001FD2A9 /* NSPersistentStore+MagicalRecord.m */; };
		5580C3A318BF81E9001FD2A9 /* NSPersistentStoreCoordinator+MagicalRecord.m in Sources */ = {isa = PBXBuildFile; fileRef = 5580C36D18BF81E9001FD2A9 /* NSPersistentStoreCoordinator+MagicalRecord.m */; };
		5580C3A418BF81E9001FD2A9 /* NSPersistentStoreCoordinator+MagicalRecord.m in Sources */ = {isa = PBXBuildFile; fileRef = 5580C36D18BF81E9001FD2A9 /* NSPersistentStoreCoordinator+MagicalRecord.m */; };
		5580C3A518BF81E9001FD2A9 /* MagicalRecord+Actions.m in Sources */ = {isa = PBXBuildFile; fileRef = 5580C37018BF81E9001FD2A9 /* MagicalRecord+Actions.m */; };
		5580C3A618BF81E9001FD2A9 /* MagicalRecord+Actions.m in Sources */ = {isa = PBXBuildFile; fileRef = 5580C37018BF81E9001FD2A9 /* MagicalRecord+Actions.m */; };
		5580C3A718BF81E9001FD2A9 /* MagicalRecord+ErrorHandling.m in Sources */ = {isa = PBXBuildFile; fileRef = 5580C37218BF81E9001FD2A9 /* MagicalRecord+ErrorHandling.m */; };
		5580C3A818BF81E9001FD2A9 /* MagicalRecord+ErrorHandling.m in Sources */ = {isa = PBXBuildFile; fileRef = 5580C37218BF81E9001FD2A9 /* MagicalRecord+ErrorHandling.m */; };
		5580C3A918BF81E9001FD2A9 /* MagicalRecord+iCloud.m in Sources */ = {isa = PBXBuildFile; fileRef = 5580C37418BF81E9001FD2A9 /* MagicalRecord+iCloud.m */; };
		5580C3AA18BF81E9001FD2A9 /* MagicalRecord+iCloud.m in Sources */ = {isa = PBXBuildFile; fileRef = 5580C37418BF81E9001FD2A9 /* MagicalRecord+iCloud.m */; };
		5580C3AB18BF81E9001FD2A9 /* MagicalRecord+Options.m in Sources */ = {isa = PBXBuildFile; fileRef = 5580C37618BF81E9001FD2A9 /* MagicalRecord+Options.m */; };
		5580C3AC18BF81E9001FD2A9 /* MagicalRecord+Options.m in Sources */ = {isa = PBXBuildFile; fileRef = 5580C37618BF81E9001FD2A9 /* MagicalRecord+Options.m */; };
		5580C3AD18BF81E9001FD2A9 /* MagicalRecord+Setup.m in Sources */ = {isa = PBXBuildFile; fileRef = 5580C37818BF81E9001FD2A9 /* MagicalRecord+Setup.m */; };
		5580C3AE18BF81E9001FD2A9 /* MagicalRecord+Setup.m in Sources */ = {isa = PBXBuildFile; fileRef = 5580C37818BF81E9001FD2A9 /* MagicalRecord+Setup.m */; };
		5580C3AF18BF81E9001FD2A9 /* MagicalRecord+ShorthandSupport.m in Sources */ = {isa = PBXBuildFile; fileRef = 5580C37A18BF81E9001FD2A9 /* MagicalRecord+ShorthandSupport.m */; };
		5580C3B018BF81E9001FD2A9 /* MagicalRecord+ShorthandSupport.m in Sources */ = {isa = PBXBuildFile; fileRef = 5580C37A18BF81E9001FD2A9 /* MagicalRecord+ShorthandSupport.m */; };
		5580C3B118BF81E9001FD2A9 /* MagicalRecord.m in Sources */ = {isa = PBXBuildFile; fileRef = 5580C37C18BF81E9001FD2A9 /* MagicalRecord.m */; };
		5580C3B218BF81E9001FD2A9 /* MagicalRecord.m in Sources */ = {isa = PBXBuildFile; fileRef = 5580C37C18BF81E9001FD2A9 /* MagicalRecord.m */; };
		5580C3D018BF823A001FD2A9 /* CoreData.framework in Frameworks */ = {isa = PBXBuildFile; fileRef = 5580C3CF18BF823A001FD2A9 /* CoreData.framework */; };
		559700E718083C3B0047DACB /* NSString+DUBase64.m in Sources */ = {isa = PBXBuildFile; fileRef = 559700E618083C3B0047DACB /* NSString+DUBase64.m */; };
		55DC7AB119DB3F620064E0E5 /* MagicalImportFunctions.h in Copy Header Files */ = {isa = PBXBuildFile; fileRef = 5580C34618BF81E9001FD2A9 /* MagicalImportFunctions.h */; };
		55DC7AB219DB3F620064E0E5 /* NSAttributeDescription+MagicalDataImport.h in Copy Header Files */ = {isa = PBXBuildFile; fileRef = 5580C34818BF81E9001FD2A9 /* NSAttributeDescription+MagicalDataImport.h */; };
		55DC7AB319DB3F620064E0E5 /* NSEntityDescription+MagicalDataImport.h in Copy Header Files */ = {isa = PBXBuildFile; fileRef = 5580C34A18BF81E9001FD2A9 /* NSEntityDescription+MagicalDataImport.h */; };
		55DC7AB419DB3F620064E0E5 /* NSNumber+MagicalDataImport.h in Copy Header Files */ = {isa = PBXBuildFile; fileRef = 5580C34C18BF81E9001FD2A9 /* NSNumber+MagicalDataImport.h */; };
		55DC7AB519DB3F620064E0E5 /* NSObject+MagicalDataImport.h in Copy Header Files */ = {isa = PBXBuildFile; fileRef = 5580C34E18BF81E9001FD2A9 /* NSObject+MagicalDataImport.h */; };
		55DC7AB619DB3F620064E0E5 /* NSRelationshipDescription+MagicalDataImport.h in Copy Header Files */ = {isa = PBXBuildFile; fileRef = 5580C35018BF81E9001FD2A9 /* NSRelationshipDescription+MagicalDataImport.h */; };
		55DC7AB719DB3F620064E0E5 /* NSString+MagicalDataImport.h in Copy Header Files */ = {isa = PBXBuildFile; fileRef = 5580C35218BF81E9001FD2A9 /* NSString+MagicalDataImport.h */; };
		55DC7AB819DB3F620064E0E5 /* NSManagedObject+MagicalAggregation.h in Copy Header Files */ = {isa = PBXBuildFile; fileRef = 5580C35518BF81E9001FD2A9 /* NSManagedObject+MagicalAggregation.h */; };
		55DC7AB919DB3F620064E0E5 /* NSManagedObject+MagicalDataImport.h in Copy Header Files */ = {isa = PBXBuildFile; fileRef = 5580C35718BF81E9001FD2A9 /* NSManagedObject+MagicalDataImport.h */; };
		55DC7ABA19DB3F620064E0E5 /* NSManagedObject+MagicalFinders.h in Copy Header Files */ = {isa = PBXBuildFile; fileRef = 5580C35918BF81E9001FD2A9 /* NSManagedObject+MagicalFinders.h */; };
		55DC7ABB19DB3F620064E0E5 /* NSManagedObject+MagicalRecord.h in Copy Header Files */ = {isa = PBXBuildFile; fileRef = 5580C35B18BF81E9001FD2A9 /* NSManagedObject+MagicalRecord.h */; };
		55DC7ABC19DB3F620064E0E5 /* NSManagedObject+MagicalRequests.h in Copy Header Files */ = {isa = PBXBuildFile; fileRef = 5580C35D18BF81E9001FD2A9 /* NSManagedObject+MagicalRequests.h */; };
		55DC7ABD19DB3F620064E0E5 /* NSManagedObjectContext+MagicalObserving.h in Copy Header Files */ = {isa = PBXBuildFile; fileRef = 5580C36018BF81E9001FD2A9 /* NSManagedObjectContext+MagicalObserving.h */; };
		55DC7ABE19DB3F620064E0E5 /* NSManagedObjectContext+MagicalRecord.h in Copy Header Files */ = {isa = PBXBuildFile; fileRef = 5580C36218BF81E9001FD2A9 /* NSManagedObjectContext+MagicalRecord.h */; };
		55DC7ABF19DB3F620064E0E5 /* NSManagedObjectContext+MagicalSaves.h in Copy Header Files */ = {isa = PBXBuildFile; fileRef = 5580C36418BF81E9001FD2A9 /* NSManagedObjectContext+MagicalSaves.h */; };
		55DC7AC019DB3F620064E0E5 /* NSManagedObjectContext+MagicalThreading.h in Copy Header Files */ = {isa = PBXBuildFile; fileRef = 5580C36618BF81E9001FD2A9 /* NSManagedObjectContext+MagicalThreading.h */; };
		55DC7AC119DB3F620064E0E5 /* NSManagedObjectModel+MagicalRecord.h in Copy Header Files */ = {isa = PBXBuildFile; fileRef = 5580C36818BF81E9001FD2A9 /* NSManagedObjectModel+MagicalRecord.h */; };
		55DC7AC219DB3F620064E0E5 /* NSPersistentStore+MagicalRecord.h in Copy Header Files */ = {isa = PBXBuildFile; fileRef = 5580C36A18BF81E9001FD2A9 /* NSPersistentStore+MagicalRecord.h */; };
		55DC7AC319DB3F620064E0E5 /* NSPersistentStoreCoordinator+MagicalRecord.h in Copy Header Files */ = {isa = PBXBuildFile; fileRef = 5580C36C18BF81E9001FD2A9 /* NSPersistentStoreCoordinator+MagicalRecord.h */; };
		55DC7AC419DB3F620064E0E5 /* MagicalRecord+Actions.h in Copy Header Files */ = {isa = PBXBuildFile; fileRef = 5580C36F18BF81E9001FD2A9 /* MagicalRecord+Actions.h */; };
		55DC7AC519DB3F620064E0E5 /* MagicalRecord+ErrorHandling.h in Copy Header Files */ = {isa = PBXBuildFile; fileRef = 5580C37118BF81E9001FD2A9 /* MagicalRecord+ErrorHandling.h */; };
		55DC7AC619DB3F620064E0E5 /* MagicalRecord+iCloud.h in Copy Header Files */ = {isa = PBXBuildFile; fileRef = 5580C37318BF81E9001FD2A9 /* MagicalRecord+iCloud.h */; };
		55DC7AC719DB3F620064E0E5 /* MagicalRecord+Options.h in Copy Header Files */ = {isa = PBXBuildFile; fileRef = 5580C37518BF81E9001FD2A9 /* MagicalRecord+Options.h */; };
		55DC7AC819DB3F620064E0E5 /* MagicalRecord+Setup.h in Copy Header Files */ = {isa = PBXBuildFile; fileRef = 5580C37718BF81E9001FD2A9 /* MagicalRecord+Setup.h */; };
		55DC7AC919DB3F620064E0E5 /* MagicalRecord+ShorthandSupport.h in Copy Header Files */ = {isa = PBXBuildFile; fileRef = 5580C37918BF81E9001FD2A9 /* MagicalRecord+ShorthandSupport.h */; };
		55DC7ACA19DB3F620064E0E5 /* MagicalRecord.h in Copy Header Files */ = {isa = PBXBuildFile; fileRef = 5580C37B18BF81E9001FD2A9 /* MagicalRecord.h */; };
		55DC7ACB19DB3F620064E0E5 /* MagicalRecordShorthand.h in Copy Header Files */ = {isa = PBXBuildFile; fileRef = 5580C37D18BF81E9001FD2A9 /* MagicalRecordShorthand.h */; };
		55DC7ACC19DB3F620064E0E5 /* CoreData+MagicalRecord.h in Copy Header Files */ = {isa = PBXBuildFile; fileRef = 5580C37E18BF81E9001FD2A9 /* CoreData+MagicalRecord.h */; };
		55DC7ACD19DB3FDC0064E0E5 /* Reachability.h in Copy Header Files */ = {isa = PBXBuildFile; fileRef = 557BD01718081981007E3D75 /* Reachability.h */; };
		55DC7ACE19DB400A0064E0E5 /* DUCoreDataManager.h in Copy Header Files */ = {isa = PBXBuildFile; fileRef = 557BCFB518081981007E3D75 /* DUCoreDataManager.h */; };
		55DC7ACF19DB40270064E0E5 /* SystemVersionMacros.h in Copy Header Files */ = {isa = PBXBuildFile; fileRef = 559700E3180837400047DACB /* SystemVersionMacros.h */; };
		55DC7AD019DB403B0064E0E5 /* DULocalisation.h in Copy Header Files */ = {isa = PBXBuildFile; fileRef = 557BCFFC18081981007E3D75 /* DULocalisation.h */; };
		55DC7AD119DB404D0064E0E5 /* DUAnalytics.h in Copy Header Files */ = {isa = PBXBuildFile; fileRef = 557BCF9D18081980007E3D75 /* DUAnalytics.h */; };
		55DC7AD219DB406D0064E0E5 /* UIDevice+Extensions.h in Copy Header Files */ = {isa = PBXBuildFile; fileRef = 557BD04618081981007E3D75 /* UIDevice+Extensions.h */; };
		55DC7AD319DB40810064E0E5 /* DUConcurrentOperation.h in Copy Header Files */ = {isa = PBXBuildFile; fileRef = 557BCFAD18081980007E3D75 /* DUConcurrentOperation.h */; };
		55DC7AD419DB40980064E0E5 /* DUStateMachine.h in Copy Header Files */ = {isa = PBXBuildFile; fileRef = 557BD03518081981007E3D75 /* DUStateMachine.h */; };
		55DC7AD519DB40AF0064E0E5 /* DUBlocks.h in Copy Header Files */ = {isa = PBXBuildFile; fileRef = 557BCFA718081980007E3D75 /* DUBlocks.h */; };
		55DC7AD619DB40D40064E0E5 /* NSString+DUExtension.h in Copy Header Files */ = {isa = PBXBuildFile; fileRef = 557BD123180819FD007E3D75 /* NSString+DUExtension.h */; };
		55DC7AD719DB40E70064E0E5 /* DUProperties.h in Copy Header Files */ = {isa = PBXBuildFile; fileRef = 557BD02C18081981007E3D75 /* DUProperties.h */; };
		55DC7AD819DB41020064E0E5 /* UITableView+DUExtensions.h in Copy Header Files */ = {isa = PBXBuildFile; fileRef = 557BD04918081981007E3D75 /* UITableView+DUExtensions.h */; };
		55DC7AD919DB41190064E0E5 /* DUAutolayout.h in Copy Header Files */ = {isa = PBXBuildFile; fileRef = 557BCFA418081980007E3D75 /* DUAutolayout.h */; };
		55DC7ADA19DB412C0064E0E5 /* DUTwoSegmentedControl.h in Copy Header Files */ = {isa = PBXBuildFile; fileRef = 557BCFE118081981007E3D75 /* DUTwoSegmentedControl.h */; };
		55DC7ADB19DB413E0064E0E5 /* DUConstants.h in Copy Header Files */ = {isa = PBXBuildFile; fileRef = 557BCFDE18081981007E3D75 /* DUConstants.h */; };
		55DC7ADC19DB41530064E0E5 /* DUKeychain.h in Copy Header Files */ = {isa = PBXBuildFile; fileRef = 557BCFF618081981007E3D75 /* DUKeychain.h */; };
		55DC7ADD19DB416C0064E0E5 /* UIView+DUExtensions.h in Copy Header Files */ = {isa = PBXBuildFile; fileRef = 557BD04D18081981007E3D75 /* UIView+DUExtensions.h */; };
		55DC7ADF19DB419D0064E0E5 /* NSString+DUBase64.h in Copy Header Files */ = {isa = PBXBuildFile; fileRef = 559700E518083C3B0047DACB /* NSString+DUBase64.h */; };
		55DC7AE019DB41BE0064E0E5 /* DUModalProgressView.h in Copy Header Files */ = {isa = PBXBuildFile; fileRef = 557BD00A18081981007E3D75 /* DUModalProgressView.h */; };
		55DC7AE119DB41D50064E0E5 /* NSDate+Extensions.h in Copy Header Files */ = {isa = PBXBuildFile; fileRef = 557BD01E18081981007E3D75 /* NSDate+Extensions.h */; };
		55DC7AE219DB41EB0064E0E5 /* DUMigrationController.h in Copy Header Files */ = {isa = PBXBuildFile; fileRef = 557BD00718081981007E3D75 /* DUMigrationController.h */; };
		55DC7AE319DB42030064E0E5 /* DUVersion.h in Copy Header Files */ = {isa = PBXBuildFile; fileRef = 5561FF9B18AE911F0014F1A7 /* DUVersion.h */; };
		55DC7AE419DB42160064E0E5 /* NSString+MD5.h in Copy Header Files */ = {isa = PBXBuildFile; fileRef = 557BD12B18081A47007E3D75 /* NSString+MD5.h */; };
		55DC7AE519DB422D0064E0E5 /* DUGradientBackgroundView.h in Copy Header Files */ = {isa = PBXBuildFile; fileRef = 5500E91618EAC788001B8CCB /* DUGradientBackgroundView.h */; };
		55DC7AE619DB424A0064E0E5 /* DUGestureFactory.h in Copy Header Files */ = {isa = PBXBuildFile; fileRef = 557BCFE418081981007E3D75 /* DUGestureFactory.h */; };
		55DC7AE719DB425B0064E0E5 /* DUTouchDownGestureRecogniser.h in Copy Header Files */ = {isa = PBXBuildFile; fileRef = 557BCFE618081981007E3D75 /* DUTouchDownGestureRecogniser.h */; };
		55DC7AE819DB42770064E0E5 /* UIColor+Extensions.h in Copy Header Files */ = {isa = PBXBuildFile; fileRef = 557BD04418081981007E3D75 /* UIColor+Extensions.h */; };
		55DC7AE919DB428D0064E0E5 /* UIImage+Additions.h in Copy Header Files */ = {isa = PBXBuildFile; fileRef = 557BD13718081A66007E3D75 /* UIImage+Additions.h */; };
		55DC7AEA19DB42AB0064E0E5 /* UIView+DUBlur.h in Copy Header Files */ = {isa = PBXBuildFile; fileRef = 557BCFA118081980007E3D75 /* UIView+DUBlur.h */; };
		55DC7AF219DB44AC0064E0E5 /* Logger.m in Sources */ = {isa = PBXBuildFile; fileRef = 55DC7AF019DB44AC0064E0E5 /* Logger.m */; };
		55DC7AF519DB44EC0064E0E5 /* UIImage+ImageEffects.m in Sources */ = {isa = PBXBuildFile; fileRef = 55DC7AF319DB44EC0064E0E5 /* UIImage+ImageEffects.m */; };
		55DC7AF819DB45180064E0E5 /* NSString+Extensions.m in Sources */ = {isa = PBXBuildFile; fileRef = 55DC7AF619DB45180064E0E5 /* NSString+Extensions.m */; };
		55DC7AFB19DB45370064E0E5 /* NSNumberFormatter+Extensions.m in Sources */ = {isa = PBXBuildFile; fileRef = 55DC7AF919DB45370064E0E5 /* NSNumberFormatter+Extensions.m */; };
		55DE1E7E180C0F6E00BD8ABB /* CoreFoundation.framework in Frameworks */ = {isa = PBXBuildFile; fileRef = 55DE1E7D180C0F6E00BD8ABB /* CoreFoundation.framework */; };
/* End PBXBuildFile section */

/* Begin PBXContainerItemProxy section */
		557BCEA018081534007E3D75 /* PBXContainerItemProxy */ = {
			isa = PBXContainerItemProxy;
			containerPortal = 557BCE8218081534007E3D75 /* Project object */;
			proxyType = 1;
			remoteGlobalIDString = 557BCE8918081534007E3D75;
			remoteInfo = DevedUpKit;
		};
/* End PBXContainerItemProxy section */

/* Begin PBXCopyFilesBuildPhase section */
		557BCE8818081534007E3D75 /* Copy Header Files */ = {
			isa = PBXCopyFilesBuildPhase;
			buildActionMask = 2147483647;
			dstPath = include;
			dstSubfolderSpec = 16;
			files = (
				550847021AA5FAF500E33BE2 /* DUFileLogger.h in Copy Header Files */,
				55DC7AEA19DB42AB0064E0E5 /* UIView+DUBlur.h in Copy Header Files */,
				55DC7AE919DB428D0064E0E5 /* UIImage+Additions.h in Copy Header Files */,
				55DC7AE819DB42770064E0E5 /* UIColor+Extensions.h in Copy Header Files */,
				55DC7AE719DB425B0064E0E5 /* DUTouchDownGestureRecogniser.h in Copy Header Files */,
				55DC7AE619DB424A0064E0E5 /* DUGestureFactory.h in Copy Header Files */,
				55DC7AE519DB422D0064E0E5 /* DUGradientBackgroundView.h in Copy Header Files */,
				55DC7AE419DB42160064E0E5 /* NSString+MD5.h in Copy Header Files */,
				55DC7AE319DB42030064E0E5 /* DUVersion.h in Copy Header Files */,
				55DC7AE219DB41EB0064E0E5 /* DUMigrationController.h in Copy Header Files */,
				55DC7AE119DB41D50064E0E5 /* NSDate+Extensions.h in Copy Header Files */,
				55DC7AE019DB41BE0064E0E5 /* DUModalProgressView.h in Copy Header Files */,
				55DC7ADF19DB419D0064E0E5 /* NSString+DUBase64.h in Copy Header Files */,
				55DC7ADD19DB416C0064E0E5 /* UIView+DUExtensions.h in Copy Header Files */,
				55DC7ADC19DB41530064E0E5 /* DUKeychain.h in Copy Header Files */,
				55DC7ADB19DB413E0064E0E5 /* DUConstants.h in Copy Header Files */,
				55DC7ADA19DB412C0064E0E5 /* DUTwoSegmentedControl.h in Copy Header Files */,
				55DC7AD919DB41190064E0E5 /* DUAutolayout.h in Copy Header Files */,
				55DC7AD819DB41020064E0E5 /* UITableView+DUExtensions.h in Copy Header Files */,
				55DC7AD719DB40E70064E0E5 /* DUProperties.h in Copy Header Files */,
				55DC7AD619DB40D40064E0E5 /* NSString+DUExtension.h in Copy Header Files */,
				55DC7AD519DB40AF0064E0E5 /* DUBlocks.h in Copy Header Files */,
				55DC7AD419DB40980064E0E5 /* DUStateMachine.h in Copy Header Files */,
				55DC7AD319DB40810064E0E5 /* DUConcurrentOperation.h in Copy Header Files */,
				55DC7AD219DB406D0064E0E5 /* UIDevice+Extensions.h in Copy Header Files */,
				55DC7AD119DB404D0064E0E5 /* DUAnalytics.h in Copy Header Files */,
				55DC7AD019DB403B0064E0E5 /* DULocalisation.h in Copy Header Files */,
				55DC7ACF19DB40270064E0E5 /* SystemVersionMacros.h in Copy Header Files */,
				55DC7ACE19DB400A0064E0E5 /* DUCoreDataManager.h in Copy Header Files */,
				55DC7ACD19DB3FDC0064E0E5 /* Reachability.h in Copy Header Files */,
				55DC7AB119DB3F620064E0E5 /* MagicalImportFunctions.h in Copy Header Files */,
				55DC7AB219DB3F620064E0E5 /* NSAttributeDescription+MagicalDataImport.h in Copy Header Files */,
				55DC7AB319DB3F620064E0E5 /* NSEntityDescription+MagicalDataImport.h in Copy Header Files */,
				55DC7AB419DB3F620064E0E5 /* NSNumber+MagicalDataImport.h in Copy Header Files */,
				55DC7AB519DB3F620064E0E5 /* NSObject+MagicalDataImport.h in Copy Header Files */,
				55DC7AB619DB3F620064E0E5 /* NSRelationshipDescription+MagicalDataImport.h in Copy Header Files */,
				55DC7AB719DB3F620064E0E5 /* NSString+MagicalDataImport.h in Copy Header Files */,
				55DC7AB819DB3F620064E0E5 /* NSManagedObject+MagicalAggregation.h in Copy Header Files */,
				55DC7AB919DB3F620064E0E5 /* NSManagedObject+MagicalDataImport.h in Copy Header Files */,
				55DC7ABA19DB3F620064E0E5 /* NSManagedObject+MagicalFinders.h in Copy Header Files */,
				55DC7ABB19DB3F620064E0E5 /* NSManagedObject+MagicalRecord.h in Copy Header Files */,
				55DC7ABC19DB3F620064E0E5 /* NSManagedObject+MagicalRequests.h in Copy Header Files */,
				55DC7ABD19DB3F620064E0E5 /* NSManagedObjectContext+MagicalObserving.h in Copy Header Files */,
				55DC7ABE19DB3F620064E0E5 /* NSManagedObjectContext+MagicalRecord.h in Copy Header Files */,
				55DC7ABF19DB3F620064E0E5 /* NSManagedObjectContext+MagicalSaves.h in Copy Header Files */,
				55DC7AC019DB3F620064E0E5 /* NSManagedObjectContext+MagicalThreading.h in Copy Header Files */,
				55DC7AC119DB3F620064E0E5 /* NSManagedObjectModel+MagicalRecord.h in Copy Header Files */,
				55DC7AC219DB3F620064E0E5 /* NSPersistentStore+MagicalRecord.h in Copy Header Files */,
				55DC7AC319DB3F620064E0E5 /* NSPersistentStoreCoordinator+MagicalRecord.h in Copy Header Files */,
				55DC7AC419DB3F620064E0E5 /* MagicalRecord+Actions.h in Copy Header Files */,
				55DC7AC519DB3F620064E0E5 /* MagicalRecord+ErrorHandling.h in Copy Header Files */,
				55DC7AC619DB3F620064E0E5 /* MagicalRecord+iCloud.h in Copy Header Files */,
				55DC7AC719DB3F620064E0E5 /* MagicalRecord+Options.h in Copy Header Files */,
				55DC7AC819DB3F620064E0E5 /* MagicalRecord+Setup.h in Copy Header Files */,
				55DC7AC919DB3F620064E0E5 /* MagicalRecord+ShorthandSupport.h in Copy Header Files */,
				55DC7ACA19DB3F620064E0E5 /* MagicalRecord.h in Copy Header Files */,
				55DC7ACB19DB3F620064E0E5 /* MagicalRecordShorthand.h in Copy Header Files */,
				55DC7ACC19DB3F620064E0E5 /* CoreData+MagicalRecord.h in Copy Header Files */,
			);
			name = "Copy Header Files";
			runOnlyForDeploymentPostprocessing = 0;
		};
/* End PBXCopyFilesBuildPhase section */

/* Begin PBXFileReference section */
		5500E91618EAC788001B8CCB /* DUGradientBackgroundView.h */ = {isa = PBXFileReference; fileEncoding = 4; lastKnownFileType = sourcecode.c.h; name = DUGradientBackgroundView.h; path = Gradient/DUGradientBackgroundView.h; sourceTree = "<group>"; };
		5500E91718EAC788001B8CCB /* DUGradientBackgroundView.m */ = {isa = PBXFileReference; fileEncoding = 4; lastKnownFileType = sourcecode.c.objc; name = DUGradientBackgroundView.m; path = Gradient/DUGradientBackgroundView.m; sourceTree = "<group>"; };
		550846FF1AA5FAE300E33BE2 /* DUFileLogger.h */ = {isa = PBXFileReference; fileEncoding = 4; lastKnownFileType = sourcecode.c.h; name = DUFileLogger.h; path = Classes/Logging/DUFileLogger.h; sourceTree = "<group>"; };
		550847001AA5FAE300E33BE2 /* DUFileLogger.m */ = {isa = PBXFileReference; fileEncoding = 4; lastKnownFileType = sourcecode.c.objc; name = DUFileLogger.m; path = Classes/Logging/DUFileLogger.m; sourceTree = "<group>"; };
		5561FF9B18AE911F0014F1A7 /* DUVersion.h */ = {isa = PBXFileReference; fileEncoding = 4; lastKnownFileType = sourcecode.c.h; name = DUVersion.h; path = Classes/DUVersion.h; sourceTree = "<group>"; };
		5561FF9C18AE911F0014F1A7 /* DUVersion.m */ = {isa = PBXFileReference; fileEncoding = 4; lastKnownFileType = sourcecode.c.objc; name = DUVersion.m; path = Classes/DUVersion.m; sourceTree = "<group>"; };
		5561FF9F18AE96310014F1A7 /* TestDUVersion.m */ = {isa = PBXFileReference; fileEncoding = 4; lastKnownFileType = sourcecode.c.objc; path = TestDUVersion.m; sourceTree = "<group>"; };
		557BCE8A18081534007E3D75 /* libDevedUpKit.a */ = {isa = PBXFileReference; explicitFileType = archive.ar; includeInIndex = 0; path = libDevedUpKit.a; sourceTree = BUILT_PRODUCTS_DIR; };
		557BCE8D18081534007E3D75 /* Foundation.framework */ = {isa = PBXFileReference; lastKnownFileType = wrapper.framework; name = Foundation.framework; path = System/Library/Frameworks/Foundation.framework; sourceTree = SDKROOT; };
		557BCE9118081534007E3D75 /* DevedUpKit-Prefix.pch */ = {isa = PBXFileReference; lastKnownFileType = sourcecode.c.h; path = "DevedUpKit-Prefix.pch"; sourceTree = "<group>"; };
		557BCE9A18081534007E3D75 /* DevedUpKitTests.xctest */ = {isa = PBXFileReference; explicitFileType = wrapper.cfbundle; includeInIndex = 0; path = DevedUpKitTests.xctest; sourceTree = BUILT_PRODUCTS_DIR; };
		557BCE9B18081534007E3D75 /* XCTest.framework */ = {isa = PBXFileReference; lastKnownFileType = wrapper.framework; name = XCTest.framework; path = Library/Frameworks/XCTest.framework; sourceTree = DEVELOPER_DIR; };
		557BCE9E18081534007E3D75 /* UIKit.framework */ = {isa = PBXFileReference; lastKnownFileType = wrapper.framework; name = UIKit.framework; path = Library/Frameworks/UIKit.framework; sourceTree = DEVELOPER_DIR; };
		557BCEA518081534007E3D75 /* DevedUpKitTests-Info.plist */ = {isa = PBXFileReference; lastKnownFileType = text.plist.xml; path = "DevedUpKitTests-Info.plist"; sourceTree = "<group>"; };
		557BCEA718081534007E3D75 /* en */ = {isa = PBXFileReference; lastKnownFileType = text.plist.strings; name = en; path = en.lproj/InfoPlist.strings; sourceTree = "<group>"; };
		557BCEA918081534007E3D75 /* DevedUpKitTests.m */ = {isa = PBXFileReference; lastKnownFileType = sourcecode.c.objc; path = DevedUpKitTests.m; sourceTree = "<group>"; };
		557BCF061808169D007E3D75 /* UIKit.framework */ = {isa = PBXFileReference; lastKnownFileType = wrapper.framework; name = UIKit.framework; path = System/Library/Frameworks/UIKit.framework; sourceTree = SDKROOT; };
		557BCF9D18081980007E3D75 /* DUAnalytics.h */ = {isa = PBXFileReference; fileEncoding = 4; lastKnownFileType = sourcecode.c.h; path = DUAnalytics.h; sourceTree = "<group>"; };
		557BCFA118081980007E3D75 /* UIView+DUBlur.h */ = {isa = PBXFileReference; fileEncoding = 4; lastKnownFileType = sourcecode.c.h; name = "UIView+DUBlur.h"; path = "Classes/AnimationsAndImaging/UIView+DUBlur.h"; sourceTree = "<group>"; };
		557BCFA218081980007E3D75 /* UIView+DUBlur.m */ = {isa = PBXFileReference; fileEncoding = 4; lastKnownFileType = sourcecode.c.objc; name = "UIView+DUBlur.m"; path = "Classes/AnimationsAndImaging/UIView+DUBlur.m"; sourceTree = "<group>"; };
		557BCFA418081980007E3D75 /* DUAutolayout.h */ = {isa = PBXFileReference; fileEncoding = 4; lastKnownFileType = sourcecode.c.h; path = DUAutolayout.h; sourceTree = "<group>"; };
		557BCFA518081980007E3D75 /* DUAutolayout.m */ = {isa = PBXFileReference; fileEncoding = 4; lastKnownFileType = sourcecode.c.objc; path = DUAutolayout.m; sourceTree = "<group>"; };
		557BCFA718081980007E3D75 /* DUBlocks.h */ = {isa = PBXFileReference; fileEncoding = 4; lastKnownFileType = sourcecode.c.h; path = DUBlocks.h; sourceTree = "<group>"; };
		557BCFA818081980007E3D75 /* DUBlocks.m */ = {isa = PBXFileReference; fileEncoding = 4; lastKnownFileType = sourcecode.c.objc; path = DUBlocks.m; sourceTree = "<group>"; };
		557BCFAD18081980007E3D75 /* DUConcurrentOperation.h */ = {isa = PBXFileReference; fileEncoding = 4; lastKnownFileType = sourcecode.c.h; path = DUConcurrentOperation.h; sourceTree = "<group>"; };
		557BCFAE18081980007E3D75 /* DUConcurrentOperation.m */ = {isa = PBXFileReference; fileEncoding = 4; lastKnownFileType = sourcecode.c.objc; path = DUConcurrentOperation.m; sourceTree = "<group>"; };
		557BCFB518081981007E3D75 /* DUCoreDataManager.h */ = {isa = PBXFileReference; fileEncoding = 4; lastKnownFileType = sourcecode.c.h; path = DUCoreDataManager.h; sourceTree = "<group>"; };
		557BCFB618081981007E3D75 /* DUCoreDataManager.m */ = {isa = PBXFileReference; fileEncoding = 4; lastKnownFileType = sourcecode.c.objc; path = DUCoreDataManager.m; sourceTree = "<group>"; };
		557BCFDE18081981007E3D75 /* DUConstants.h */ = {isa = PBXFileReference; fileEncoding = 4; lastKnownFileType = sourcecode.c.h; name = DUConstants.h; path = Classes/DUConstants.h; sourceTree = "<group>"; };
		557BCFDF18081981007E3D75 /* DUConstants.m */ = {isa = PBXFileReference; fileEncoding = 4; lastKnownFileType = sourcecode.c.objc; name = DUConstants.m; path = Classes/DUConstants.m; sourceTree = "<group>"; };
		557BCFE118081981007E3D75 /* DUTwoSegmentedControl.h */ = {isa = PBXFileReference; fileEncoding = 4; lastKnownFileType = sourcecode.c.h; path = DUTwoSegmentedControl.h; sourceTree = "<group>"; };
		557BCFE218081981007E3D75 /* DUTwoSegmentedControl.m */ = {isa = PBXFileReference; fileEncoding = 4; lastKnownFileType = sourcecode.c.objc; path = DUTwoSegmentedControl.m; sourceTree = "<group>"; };
		557BCFE418081981007E3D75 /* DUGestureFactory.h */ = {isa = PBXFileReference; fileEncoding = 4; lastKnownFileType = sourcecode.c.h; path = DUGestureFactory.h; sourceTree = "<group>"; };
		557BCFE518081981007E3D75 /* DUGestureFactory.m */ = {isa = PBXFileReference; fileEncoding = 4; lastKnownFileType = sourcecode.c.objc; path = DUGestureFactory.m; sourceTree = "<group>"; };
		557BCFE618081981007E3D75 /* DUTouchDownGestureRecogniser.h */ = {isa = PBXFileReference; fileEncoding = 4; lastKnownFileType = sourcecode.c.h; path = DUTouchDownGestureRecogniser.h; sourceTree = "<group>"; };
		557BCFE718081981007E3D75 /* DUTouchDownGestureRecogniser.m */ = {isa = PBXFileReference; fileEncoding = 4; lastKnownFileType = sourcecode.c.objc; path = DUTouchDownGestureRecogniser.m; sourceTree = "<group>"; };
		557BCFF618081981007E3D75 /* DUKeychain.h */ = {isa = PBXFileReference; fileEncoding = 4; lastKnownFileType = sourcecode.c.h; path = DUKeychain.h; sourceTree = "<group>"; };
		557BCFF718081981007E3D75 /* DUKeychain.m */ = {isa = PBXFileReference; fileEncoding = 4; lastKnownFileType = sourcecode.c.objc; path = DUKeychain.m; sourceTree = "<group>"; };
		557BCFFC18081981007E3D75 /* DULocalisation.h */ = {isa = PBXFileReference; fileEncoding = 4; lastKnownFileType = sourcecode.c.h; path = DULocalisation.h; sourceTree = "<group>"; };
		557BCFFD18081981007E3D75 /* DULocalisation.m */ = {isa = PBXFileReference; fileEncoding = 4; lastKnownFileType = sourcecode.c.objc; path = DULocalisation.m; sourceTree = "<group>"; };
		557BD00118081981007E3D75 /* Macros.h */ = {isa = PBXFileReference; fileEncoding = 4; lastKnownFileType = sourcecode.c.h; name = Macros.h; path = Classes/Macros.h; sourceTree = "<group>"; };
		557BD00718081981007E3D75 /* DUMigrationController.h */ = {isa = PBXFileReference; fileEncoding = 4; lastKnownFileType = sourcecode.c.h; path = DUMigrationController.h; sourceTree = "<group>"; };
		557BD00818081981007E3D75 /* DUMigrationController.m */ = {isa = PBXFileReference; fileEncoding = 4; lastKnownFileType = sourcecode.c.objc; path = DUMigrationController.m; sourceTree = "<group>"; };
		557BD00A18081981007E3D75 /* DUModalProgressView.h */ = {isa = PBXFileReference; fileEncoding = 4; lastKnownFileType = sourcecode.c.h; path = DUModalProgressView.h; sourceTree = "<group>"; };
		557BD00B18081981007E3D75 /* DUModalProgressView.m */ = {isa = PBXFileReference; fileEncoding = 4; lastKnownFileType = sourcecode.c.objc; path = DUModalProgressView.m; sourceTree = "<group>"; };
		557BD01718081981007E3D75 /* Reachability.h */ = {isa = PBXFileReference; fileEncoding = 4; lastKnownFileType = sourcecode.c.h; name = Reachability.h; path = Classes/Network/Reachability.h; sourceTree = "<group>"; };
		557BD01818081981007E3D75 /* Reachability.m */ = {isa = PBXFileReference; fileEncoding = 4; lastKnownFileType = sourcecode.c.objc; name = Reachability.m; path = Classes/Network/Reachability.m; sourceTree = "<group>"; };
		557BD01E18081981007E3D75 /* NSDate+Extensions.h */ = {isa = PBXFileReference; fileEncoding = 4; lastKnownFileType = sourcecode.c.h; name = "NSDate+Extensions.h"; path = "Classes/NS+Extensions/NSDate+Extensions.h"; sourceTree = "<group>"; };
		557BD01F18081981007E3D75 /* NSDate+Extensions.m */ = {isa = PBXFileReference; fileEncoding = 4; lastKnownFileType = sourcecode.c.objc; name = "NSDate+Extensions.m"; path = "Classes/NS+Extensions/NSDate+Extensions.m"; sourceTree = "<group>"; };
		557BD02C18081981007E3D75 /* DUProperties.h */ = {isa = PBXFileReference; fileEncoding = 4; lastKnownFileType = sourcecode.c.h; path = DUProperties.h; sourceTree = "<group>"; };
		557BD02D18081981007E3D75 /* DUProperties.m */ = {isa = PBXFileReference; fileEncoding = 4; lastKnownFileType = sourcecode.c.objc; path = DUProperties.m; sourceTree = "<group>"; };
		557BD03518081981007E3D75 /* DUStateMachine.h */ = {isa = PBXFileReference; fileEncoding = 4; lastKnownFileType = sourcecode.c.h; path = DUStateMachine.h; sourceTree = "<group>"; };
		557BD03618081981007E3D75 /* DUStateMachine.m */ = {isa = PBXFileReference; fileEncoding = 4; lastKnownFileType = sourcecode.c.objc; path = DUStateMachine.m; sourceTree = "<group>"; };
		557BD04418081981007E3D75 /* UIColor+Extensions.h */ = {isa = PBXFileReference; fileEncoding = 4; lastKnownFileType = sourcecode.c.h; name = "UIColor+Extensions.h"; path = "Classes/UIKit+Extensions/UIColor+Extensions.h"; sourceTree = "<group>"; };
		557BD04518081981007E3D75 /* UIColor+Extensions.m */ = {isa = PBXFileReference; fileEncoding = 4; lastKnownFileType = sourcecode.c.objc; name = "UIColor+Extensions.m"; path = "Classes/UIKit+Extensions/UIColor+Extensions.m"; sourceTree = "<group>"; };
		557BD04618081981007E3D75 /* UIDevice+Extensions.h */ = {isa = PBXFileReference; fileEncoding = 4; lastKnownFileType = sourcecode.c.h; name = "UIDevice+Extensions.h"; path = "Classes/UIKit+Extensions/UIDevice+Extensions.h"; sourceTree = "<group>"; };
		557BD04718081981007E3D75 /* UIDevice+Extensions.m */ = {isa = PBXFileReference; fileEncoding = 4; lastKnownFileType = sourcecode.c.objc; name = "UIDevice+Extensions.m"; path = "Classes/UIKit+Extensions/UIDevice+Extensions.m"; sourceTree = "<group>"; };
		557BD04918081981007E3D75 /* UITableView+DUExtensions.h */ = {isa = PBXFileReference; fileEncoding = 4; lastKnownFileType = sourcecode.c.h; name = "UITableView+DUExtensions.h"; path = "Classes/UIKit+Extensions/UITableView+DUExtensions.h"; sourceTree = "<group>"; };
		557BD04A18081981007E3D75 /* UITableView+DUExtensions.m */ = {isa = PBXFileReference; fileEncoding = 4; lastKnownFileType = sourcecode.c.objc; name = "UITableView+DUExtensions.m"; path = "Classes/UIKit+Extensions/UITableView+DUExtensions.m"; sourceTree = "<group>"; };
		557BD04D18081981007E3D75 /* UIView+DUExtensions.h */ = {isa = PBXFileReference; fileEncoding = 4; lastKnownFileType = sourcecode.c.h; name = "UIView+DUExtensions.h"; path = "Classes/UIKit+Extensions/UIView+DUExtensions.h"; sourceTree = "<group>"; };
		557BD04E18081981007E3D75 /* UIView+DUExtensions.m */ = {isa = PBXFileReference; fileEncoding = 4; lastKnownFileType = sourcecode.c.objc; name = "UIView+DUExtensions.m"; path = "Classes/UIKit+Extensions/UIView+DUExtensions.m"; sourceTree = "<group>"; };
		557BD123180819FD007E3D75 /* NSString+DUExtension.h */ = {isa = PBXFileReference; fileEncoding = 4; lastKnownFileType = sourcecode.c.h; name = "NSString+DUExtension.h"; path = "Classes/NS+Extensions/NSString+DUExtension.h"; sourceTree = "<group>"; };
		557BD124180819FD007E3D75 /* NSString+DUExtension.m */ = {isa = PBXFileReference; fileEncoding = 4; lastKnownFileType = sourcecode.c.objc; name = "NSString+DUExtension.m"; path = "Classes/NS+Extensions/NSString+DUExtension.m"; sourceTree = "<group>"; };
		557BD12B18081A47007E3D75 /* NSString+MD5.h */ = {isa = PBXFileReference; fileEncoding = 4; lastKnownFileType = sourcecode.c.h; name = "NSString+MD5.h"; path = "Classes/NS+Extensions/NSString+MD5.h"; sourceTree = "<group>"; };
		557BD12C18081A47007E3D75 /* NSString+MD5.m */ = {isa = PBXFileReference; fileEncoding = 4; lastKnownFileType = sourcecode.c.objc; name = "NSString+MD5.m"; path = "Classes/NS+Extensions/NSString+MD5.m"; sourceTree = "<group>"; };
		557BD13718081A66007E3D75 /* UIImage+Additions.h */ = {isa = PBXFileReference; fileEncoding = 4; lastKnownFileType = sourcecode.c.h; name = "UIImage+Additions.h"; path = "Classes/UIKit+Extensions/UIImage+Additions.h"; sourceTree = "<group>"; };
		557BD13818081A66007E3D75 /* UIImage+Additions.m */ = {isa = PBXFileReference; fileEncoding = 4; lastKnownFileType = sourcecode.c.objc; name = "UIImage+Additions.m"; path = "Classes/UIKit+Extensions/UIImage+Additions.m"; sourceTree = "<group>"; };
		5580C34618BF81E9001FD2A9 /* MagicalImportFunctions.h */ = {isa = PBXFileReference; fileEncoding = 4; lastKnownFileType = sourcecode.c.h; path = MagicalImportFunctions.h; sourceTree = "<group>"; };
		5580C34718BF81E9001FD2A9 /* MagicalImportFunctions.m */ = {isa = PBXFileReference; fileEncoding = 4; lastKnownFileType = sourcecode.c.objc; path = MagicalImportFunctions.m; sourceTree = "<group>"; };
		5580C34818BF81E9001FD2A9 /* NSAttributeDescription+MagicalDataImport.h */ = {isa = PBXFileReference; fileEncoding = 4; lastKnownFileType = sourcecode.c.h; path = "NSAttributeDescription+MagicalDataImport.h"; sourceTree = "<group>"; };
		5580C34918BF81E9001FD2A9 /* NSAttributeDescription+MagicalDataImport.m */ = {isa = PBXFileReference; fileEncoding = 4; lastKnownFileType = sourcecode.c.objc; path = "NSAttributeDescription+MagicalDataImport.m"; sourceTree = "<group>"; };
		5580C34A18BF81E9001FD2A9 /* NSEntityDescription+MagicalDataImport.h */ = {isa = PBXFileReference; fileEncoding = 4; lastKnownFileType = sourcecode.c.h; path = "NSEntityDescription+MagicalDataImport.h"; sourceTree = "<group>"; };
		5580C34B18BF81E9001FD2A9 /* NSEntityDescription+MagicalDataImport.m */ = {isa = PBXFileReference; fileEncoding = 4; lastKnownFileType = sourcecode.c.objc; path = "NSEntityDescription+MagicalDataImport.m"; sourceTree = "<group>"; };
		5580C34C18BF81E9001FD2A9 /* NSNumber+MagicalDataImport.h */ = {isa = PBXFileReference; fileEncoding = 4; lastKnownFileType = sourcecode.c.h; path = "NSNumber+MagicalDataImport.h"; sourceTree = "<group>"; };
		5580C34D18BF81E9001FD2A9 /* NSNumber+MagicalDataImport.m */ = {isa = PBXFileReference; fileEncoding = 4; lastKnownFileType = sourcecode.c.objc; path = "NSNumber+MagicalDataImport.m"; sourceTree = "<group>"; };
		5580C34E18BF81E9001FD2A9 /* NSObject+MagicalDataImport.h */ = {isa = PBXFileReference; fileEncoding = 4; lastKnownFileType = sourcecode.c.h; path = "NSObject+MagicalDataImport.h"; sourceTree = "<group>"; };
		5580C34F18BF81E9001FD2A9 /* NSObject+MagicalDataImport.m */ = {isa = PBXFileReference; fileEncoding = 4; lastKnownFileType = sourcecode.c.objc; path = "NSObject+MagicalDataImport.m"; sourceTree = "<group>"; };
		5580C35018BF81E9001FD2A9 /* NSRelationshipDescription+MagicalDataImport.h */ = {isa = PBXFileReference; fileEncoding = 4; lastKnownFileType = sourcecode.c.h; path = "NSRelationshipDescription+MagicalDataImport.h"; sourceTree = "<group>"; };
		5580C35118BF81E9001FD2A9 /* NSRelationshipDescription+MagicalDataImport.m */ = {isa = PBXFileReference; fileEncoding = 4; lastKnownFileType = sourcecode.c.objc; path = "NSRelationshipDescription+MagicalDataImport.m"; sourceTree = "<group>"; };
		5580C35218BF81E9001FD2A9 /* NSString+MagicalDataImport.h */ = {isa = PBXFileReference; fileEncoding = 4; lastKnownFileType = sourcecode.c.h; path = "NSString+MagicalDataImport.h"; sourceTree = "<group>"; };
		5580C35318BF81E9001FD2A9 /* NSString+MagicalDataImport.m */ = {isa = PBXFileReference; fileEncoding = 4; lastKnownFileType = sourcecode.c.objc; path = "NSString+MagicalDataImport.m"; sourceTree = "<group>"; };
		5580C35518BF81E9001FD2A9 /* NSManagedObject+MagicalAggregation.h */ = {isa = PBXFileReference; fileEncoding = 4; lastKnownFileType = sourcecode.c.h; path = "NSManagedObject+MagicalAggregation.h"; sourceTree = "<group>"; };
		5580C35618BF81E9001FD2A9 /* NSManagedObject+MagicalAggregation.m */ = {isa = PBXFileReference; fileEncoding = 4; lastKnownFileType = sourcecode.c.objc; path = "NSManagedObject+MagicalAggregation.m"; sourceTree = "<group>"; };
		5580C35718BF81E9001FD2A9 /* NSManagedObject+MagicalDataImport.h */ = {isa = PBXFileReference; fileEncoding = 4; lastKnownFileType = sourcecode.c.h; path = "NSManagedObject+MagicalDataImport.h"; sourceTree = "<group>"; };
		5580C35818BF81E9001FD2A9 /* NSManagedObject+MagicalDataImport.m */ = {isa = PBXFileReference; fileEncoding = 4; lastKnownFileType = sourcecode.c.objc; path = "NSManagedObject+MagicalDataImport.m"; sourceTree = "<group>"; };
		5580C35918BF81E9001FD2A9 /* NSManagedObject+MagicalFinders.h */ = {isa = PBXFileReference; fileEncoding = 4; lastKnownFileType = sourcecode.c.h; path = "NSManagedObject+MagicalFinders.h"; sourceTree = "<group>"; };
		5580C35A18BF81E9001FD2A9 /* NSManagedObject+MagicalFinders.m */ = {isa = PBXFileReference; fileEncoding = 4; lastKnownFileType = sourcecode.c.objc; path = "NSManagedObject+MagicalFinders.m"; sourceTree = "<group>"; };
		5580C35B18BF81E9001FD2A9 /* NSManagedObject+MagicalRecord.h */ = {isa = PBXFileReference; fileEncoding = 4; lastKnownFileType = sourcecode.c.h; path = "NSManagedObject+MagicalRecord.h"; sourceTree = "<group>"; };
		5580C35C18BF81E9001FD2A9 /* NSManagedObject+MagicalRecord.m */ = {isa = PBXFileReference; fileEncoding = 4; lastKnownFileType = sourcecode.c.objc; path = "NSManagedObject+MagicalRecord.m"; sourceTree = "<group>"; };
		5580C35D18BF81E9001FD2A9 /* NSManagedObject+MagicalRequests.h */ = {isa = PBXFileReference; fileEncoding = 4; lastKnownFileType = sourcecode.c.h; path = "NSManagedObject+MagicalRequests.h"; sourceTree = "<group>"; };
		5580C35E18BF81E9001FD2A9 /* NSManagedObject+MagicalRequests.m */ = {isa = PBXFileReference; fileEncoding = 4; lastKnownFileType = sourcecode.c.objc; path = "NSManagedObject+MagicalRequests.m"; sourceTree = "<group>"; };
		5580C36018BF81E9001FD2A9 /* NSManagedObjectContext+MagicalObserving.h */ = {isa = PBXFileReference; fileEncoding = 4; lastKnownFileType = sourcecode.c.h; path = "NSManagedObjectContext+MagicalObserving.h"; sourceTree = "<group>"; };
		5580C36118BF81E9001FD2A9 /* NSManagedObjectContext+MagicalObserving.m */ = {isa = PBXFileReference; fileEncoding = 4; lastKnownFileType = sourcecode.c.objc; path = "NSManagedObjectContext+MagicalObserving.m"; sourceTree = "<group>"; };
		5580C36218BF81E9001FD2A9 /* NSManagedObjectContext+MagicalRecord.h */ = {isa = PBXFileReference; fileEncoding = 4; lastKnownFileType = sourcecode.c.h; path = "NSManagedObjectContext+MagicalRecord.h"; sourceTree = "<group>"; };
		5580C36318BF81E9001FD2A9 /* NSManagedObjectContext+MagicalRecord.m */ = {isa = PBXFileReference; fileEncoding = 4; lastKnownFileType = sourcecode.c.objc; path = "NSManagedObjectContext+MagicalRecord.m"; sourceTree = "<group>"; };
		5580C36418BF81E9001FD2A9 /* NSManagedObjectContext+MagicalSaves.h */ = {isa = PBXFileReference; fileEncoding = 4; lastKnownFileType = sourcecode.c.h; path = "NSManagedObjectContext+MagicalSaves.h"; sourceTree = "<group>"; };
		5580C36518BF81E9001FD2A9 /* NSManagedObjectContext+MagicalSaves.m */ = {isa = PBXFileReference; fileEncoding = 4; lastKnownFileType = sourcecode.c.objc; path = "NSManagedObjectContext+MagicalSaves.m"; sourceTree = "<group>"; };
		5580C36618BF81E9001FD2A9 /* NSManagedObjectContext+MagicalThreading.h */ = {isa = PBXFileReference; fileEncoding = 4; lastKnownFileType = sourcecode.c.h; path = "NSManagedObjectContext+MagicalThreading.h"; sourceTree = "<group>"; };
		5580C36718BF81E9001FD2A9 /* NSManagedObjectContext+MagicalThreading.m */ = {isa = PBXFileReference; fileEncoding = 4; lastKnownFileType = sourcecode.c.objc; path = "NSManagedObjectContext+MagicalThreading.m"; sourceTree = "<group>"; };
		5580C36818BF81E9001FD2A9 /* NSManagedObjectModel+MagicalRecord.h */ = {isa = PBXFileReference; fileEncoding = 4; lastKnownFileType = sourcecode.c.h; path = "NSManagedObjectModel+MagicalRecord.h"; sourceTree = "<group>"; };
		5580C36918BF81E9001FD2A9 /* NSManagedObjectModel+MagicalRecord.m */ = {isa = PBXFileReference; fileEncoding = 4; lastKnownFileType = sourcecode.c.objc; path = "NSManagedObjectModel+MagicalRecord.m"; sourceTree = "<group>"; };
		5580C36A18BF81E9001FD2A9 /* NSPersistentStore+MagicalRecord.h */ = {isa = PBXFileReference; fileEncoding = 4; lastKnownFileType = sourcecode.c.h; path = "NSPersistentStore+MagicalRecord.h"; sourceTree = "<group>"; };
		5580C36B18BF81E9001FD2A9 /* NSPersistentStore+MagicalRecord.m */ = {isa = PBXFileReference; fileEncoding = 4; lastKnownFileType = sourcecode.c.objc; path = "NSPersistentStore+MagicalRecord.m"; sourceTree = "<group>"; };
		5580C36C18BF81E9001FD2A9 /* NSPersistentStoreCoordinator+MagicalRecord.h */ = {isa = PBXFileReference; fileEncoding = 4; lastKnownFileType = sourcecode.c.h; path = "NSPersistentStoreCoordinator+MagicalRecord.h"; sourceTree = "<group>"; };
		5580C36D18BF81E9001FD2A9 /* NSPersistentStoreCoordinator+MagicalRecord.m */ = {isa = PBXFileReference; fileEncoding = 4; lastKnownFileType = sourcecode.c.objc; path = "NSPersistentStoreCoordinator+MagicalRecord.m"; sourceTree = "<group>"; };
		5580C36F18BF81E9001FD2A9 /* MagicalRecord+Actions.h */ = {isa = PBXFileReference; fileEncoding = 4; lastKnownFileType = sourcecode.c.h; path = "MagicalRecord+Actions.h"; sourceTree = "<group>"; };
		5580C37018BF81E9001FD2A9 /* MagicalRecord+Actions.m */ = {isa = PBXFileReference; fileEncoding = 4; lastKnownFileType = sourcecode.c.objc; path = "MagicalRecord+Actions.m"; sourceTree = "<group>"; };
		5580C37118BF81E9001FD2A9 /* MagicalRecord+ErrorHandling.h */ = {isa = PBXFileReference; fileEncoding = 4; lastKnownFileType = sourcecode.c.h; path = "MagicalRecord+ErrorHandling.h"; sourceTree = "<group>"; };
		5580C37218BF81E9001FD2A9 /* MagicalRecord+ErrorHandling.m */ = {isa = PBXFileReference; fileEncoding = 4; lastKnownFileType = sourcecode.c.objc; path = "MagicalRecord+ErrorHandling.m"; sourceTree = "<group>"; };
		5580C37318BF81E9001FD2A9 /* MagicalRecord+iCloud.h */ = {isa = PBXFileReference; fileEncoding = 4; lastKnownFileType = sourcecode.c.h; path = "MagicalRecord+iCloud.h"; sourceTree = "<group>"; };
		5580C37418BF81E9001FD2A9 /* MagicalRecord+iCloud.m */ = {isa = PBXFileReference; fileEncoding = 4; lastKnownFileType = sourcecode.c.objc; path = "MagicalRecord+iCloud.m"; sourceTree = "<group>"; };
		5580C37518BF81E9001FD2A9 /* MagicalRecord+Options.h */ = {isa = PBXFileReference; fileEncoding = 4; lastKnownFileType = sourcecode.c.h; path = "MagicalRecord+Options.h"; sourceTree = "<group>"; };
		5580C37618BF81E9001FD2A9 /* MagicalRecord+Options.m */ = {isa = PBXFileReference; fileEncoding = 4; lastKnownFileType = sourcecode.c.objc; path = "MagicalRecord+Options.m"; sourceTree = "<group>"; };
		5580C37718BF81E9001FD2A9 /* MagicalRecord+Setup.h */ = {isa = PBXFileReference; fileEncoding = 4; lastKnownFileType = sourcecode.c.h; path = "MagicalRecord+Setup.h"; sourceTree = "<group>"; };
		5580C37818BF81E9001FD2A9 /* MagicalRecord+Setup.m */ = {isa = PBXFileReference; fileEncoding = 4; lastKnownFileType = sourcecode.c.objc; path = "MagicalRecord+Setup.m"; sourceTree = "<group>"; };
		5580C37918BF81E9001FD2A9 /* MagicalRecord+ShorthandSupport.h */ = {isa = PBXFileReference; fileEncoding = 4; lastKnownFileType = sourcecode.c.h; path = "MagicalRecord+ShorthandSupport.h"; sourceTree = "<group>"; };
		5580C37A18BF81E9001FD2A9 /* MagicalRecord+ShorthandSupport.m */ = {isa = PBXFileReference; fileEncoding = 4; lastKnownFileType = sourcecode.c.objc; path = "MagicalRecord+ShorthandSupport.m"; sourceTree = "<group>"; };
		5580C37B18BF81E9001FD2A9 /* MagicalRecord.h */ = {isa = PBXFileReference; fileEncoding = 4; lastKnownFileType = sourcecode.c.h; path = MagicalRecord.h; sourceTree = "<group>"; };
		5580C37C18BF81E9001FD2A9 /* MagicalRecord.m */ = {isa = PBXFileReference; fileEncoding = 4; lastKnownFileType = sourcecode.c.objc; path = MagicalRecord.m; sourceTree = "<group>"; };
		5580C37D18BF81E9001FD2A9 /* MagicalRecordShorthand.h */ = {isa = PBXFileReference; fileEncoding = 4; lastKnownFileType = sourcecode.c.h; path = MagicalRecordShorthand.h; sourceTree = "<group>"; };
		5580C37E18BF81E9001FD2A9 /* CoreData+MagicalRecord.h */ = {isa = PBXFileReference; fileEncoding = 4; lastKnownFileType = sourcecode.c.h; name = "CoreData+MagicalRecord.h"; path = "Submodules/MagicalRecord-DevedUp/MagicalRecord/CoreData+MagicalRecord.h"; sourceTree = "<group>"; };
		5580C3CF18BF823A001FD2A9 /* CoreData.framework */ = {isa = PBXFileReference; lastKnownFileType = wrapper.framework; name = CoreData.framework; path = System/Library/Frameworks/CoreData.framework; sourceTree = SDKROOT; };
		559700E3180837400047DACB /* SystemVersionMacros.h */ = {isa = PBXFileReference; fileEncoding = 4; lastKnownFileType = sourcecode.c.h; name = SystemVersionMacros.h; path = Classes/SystemVersionMacros.h; sourceTree = "<group>"; };
		559700E518083C3B0047DACB /* NSString+DUBase64.h */ = {isa = PBXFileReference; fileEncoding = 4; lastKnownFileType = sourcecode.c.h; name = "NSString+DUBase64.h"; path = "Classes/NS+Extensions/NSString+DUBase64.h"; sourceTree = "<group>"; };
		559700E618083C3B0047DACB /* NSString+DUBase64.m */ = {isa = PBXFileReference; fileEncoding = 4; lastKnownFileType = sourcecode.c.objc; name = "NSString+DUBase64.m"; path = "Classes/NS+Extensions/NSString+DUBase64.m"; sourceTree = "<group>"; };
		55DC7AF019DB44AC0064E0E5 /* Logger.m */ = {isa = PBXFileReference; fileEncoding = 4; lastKnownFileType = sourcecode.c.objc; name = Logger.m; path = Classes/Logging/Logger.m; sourceTree = "<group>"; };
		55DC7AF119DB44AC0064E0E5 /* Logger.h */ = {isa = PBXFileReference; fileEncoding = 4; lastKnownFileType = sourcecode.c.h; name = Logger.h; path = Classes/Logging/Logger.h; sourceTree = "<group>"; };
		55DC7AF319DB44EC0064E0E5 /* UIImage+ImageEffects.m */ = {isa = PBXFileReference; fileEncoding = 4; lastKnownFileType = sourcecode.c.objc; name = "UIImage+ImageEffects.m"; path = "Classes/UIKit+Extensions/UIImage+ImageEffects.m"; sourceTree = "<group>"; };
		55DC7AF419DB44EC0064E0E5 /* UIImage+ImageEffects.h */ = {isa = PBXFileReference; fileEncoding = 4; lastKnownFileType = sourcecode.c.h; name = "UIImage+ImageEffects.h"; path = "Classes/UIKit+Extensions/UIImage+ImageEffects.h"; sourceTree = "<group>"; };
		55DC7AF619DB45180064E0E5 /* NSString+Extensions.m */ = {isa = PBXFileReference; fileEncoding = 4; lastKnownFileType = sourcecode.c.objc; name = "NSString+Extensions.m"; path = "Classes/NS+Extensions/NSString+Extensions.m"; sourceTree = "<group>"; };
		55DC7AF719DB45180064E0E5 /* NSString+Extensions.h */ = {isa = PBXFileReference; fileEncoding = 4; lastKnownFileType = sourcecode.c.h; name = "NSString+Extensions.h"; path = "Classes/NS+Extensions/NSString+Extensions.h"; sourceTree = "<group>"; };
		55DC7AF919DB45370064E0E5 /* NSNumberFormatter+Extensions.m */ = {isa = PBXFileReference; fileEncoding = 4; lastKnownFileType = sourcecode.c.objc; name = "NSNumberFormatter+Extensions.m"; path = "Classes/NS+Extensions/NSNumberFormatter+Extensions.m"; sourceTree = "<group>"; };
		55DC7AFA19DB45370064E0E5 /* NSNumberFormatter+Extensions.h */ = {isa = PBXFileReference; fileEncoding = 4; lastKnownFileType = sourcecode.c.h; name = "NSNumberFormatter+Extensions.h"; path = "Classes/NS+Extensions/NSNumberFormatter+Extensions.h"; sourceTree = "<group>"; };
		55DE1E7D180C0F6E00BD8ABB /* CoreFoundation.framework */ = {isa = PBXFileReference; lastKnownFileType = wrapper.framework; name = CoreFoundation.framework; path = System/Library/Frameworks/CoreFoundation.framework; sourceTree = SDKROOT; };
/* End PBXFileReference section */

/* Begin PBXFrameworksBuildPhase section */
		557BCE8718081534007E3D75 /* Frameworks */ = {
			isa = PBXFrameworksBuildPhase;
			buildActionMask = 2147483647;
			files = (
				5580C3D018BF823A001FD2A9 /* CoreData.framework in Frameworks */,
				55DE1E7E180C0F6E00BD8ABB /* CoreFoundation.framework in Frameworks */,
				557BCF071808169D007E3D75 /* UIKit.framework in Frameworks */,
				557BCE8E18081534007E3D75 /* Foundation.framework in Frameworks */,
			);
			runOnlyForDeploymentPostprocessing = 0;
		};
		557BCE9718081534007E3D75 /* Frameworks */ = {
			isa = PBXFrameworksBuildPhase;
			buildActionMask = 2147483647;
			files = (
				557BCE9C18081534007E3D75 /* XCTest.framework in Frameworks */,
				557BCE9F18081534007E3D75 /* UIKit.framework in Frameworks */,
				557BCEA218081534007E3D75 /* libDevedUpKit.a in Frameworks */,
				557BCE9D18081534007E3D75 /* Foundation.framework in Frameworks */,
			);
			runOnlyForDeploymentPostprocessing = 0;
		};
/* End PBXFrameworksBuildPhase section */

/* Begin PBXGroup section */
		5500E91518EAC75C001B8CCB /* Gradient */ = {
			isa = PBXGroup;
			children = (
				5500E91618EAC788001B8CCB /* DUGradientBackgroundView.h */,
				5500E91718EAC788001B8CCB /* DUGradientBackgroundView.m */,
			);
			name = Gradient;
			path = Classes;
			sourceTree = "<group>";
		};
		557BCE8118081534007E3D75 = {
			isa = PBXGroup;
			children = (
				5580C34218BF813D001FD2A9 /* Submodules */,
				55DC7AB019DB3DE30064E0E5 /* Classes */,
				557BCE9018081534007E3D75 /* Supporting Files */,
				557BCEA318081534007E3D75 /* DevedUpKitTests */,
				557BCE8C18081534007E3D75 /* Frameworks */,
				557BCE8B18081534007E3D75 /* Products */,
			);
			sourceTree = "<group>";
		};
		557BCE8B18081534007E3D75 /* Products */ = {
			isa = PBXGroup;
			children = (
				557BCE8A18081534007E3D75 /* libDevedUpKit.a */,
				557BCE9A18081534007E3D75 /* DevedUpKitTests.xctest */,
			);
			name = Products;
			sourceTree = "<group>";
		};
		557BCE8C18081534007E3D75 /* Frameworks */ = {
			isa = PBXGroup;
			children = (
				5580C3CF18BF823A001FD2A9 /* CoreData.framework */,
				55DE1E7D180C0F6E00BD8ABB /* CoreFoundation.framework */,
				557BCF061808169D007E3D75 /* UIKit.framework */,
				557BCE8D18081534007E3D75 /* Foundation.framework */,
				557BCE9B18081534007E3D75 /* XCTest.framework */,
				557BCE9E18081534007E3D75 /* UIKit.framework */,
			);
			name = Frameworks;
			sourceTree = "<group>";
		};
		557BCE9018081534007E3D75 /* Supporting Files */ = {
			isa = PBXGroup;
			children = (
				557BCE9118081534007E3D75 /* DevedUpKit-Prefix.pch */,
			);
			name = "Supporting Files";
			path = DevedUpKit;
			sourceTree = "<group>";
		};
		557BCEA318081534007E3D75 /* DevedUpKitTests */ = {
			isa = PBXGroup;
			children = (
				557BCEA918081534007E3D75 /* DevedUpKitTests.m */,
				5561FF9F18AE96310014F1A7 /* TestDUVersion.m */,
				557BCEA418081534007E3D75 /* Supporting Files */,
			);
			path = DevedUpKitTests;
			sourceTree = "<group>";
		};
		557BCEA418081534007E3D75 /* Supporting Files */ = {
			isa = PBXGroup;
			children = (
				557BCEA518081534007E3D75 /* DevedUpKitTests-Info.plist */,
				557BCEA618081534007E3D75 /* InfoPlist.strings */,
			);
			name = "Supporting Files";
			sourceTree = "<group>";
		};
		557BCF9C18081980007E3D75 /* Analytics */ = {
			isa = PBXGroup;
			children = (
				557BCF9D18081980007E3D75 /* DUAnalytics.h */,
			);
			name = Analytics;
			path = Classes/Analytics;
			sourceTree = "<group>";
		};
		557BCFA318081980007E3D75 /* Autolayout */ = {
			isa = PBXGroup;
			children = (
				557BCFA418081980007E3D75 /* DUAutolayout.h */,
				557BCFA518081980007E3D75 /* DUAutolayout.m */,
			);
			name = Autolayout;
			path = Classes/Autolayout;
			sourceTree = "<group>";
		};
		557BCFA618081980007E3D75 /* Blocks */ = {
			isa = PBXGroup;
			children = (
				557BCFA718081980007E3D75 /* DUBlocks.h */,
				557BCFA818081980007E3D75 /* DUBlocks.m */,
			);
			name = Blocks;
			path = Classes/Blocks;
			sourceTree = "<group>";
		};
		557BCFAC18081980007E3D75 /* Concurrency */ = {
			isa = PBXGroup;
			children = (
				557BCFAD18081980007E3D75 /* DUConcurrentOperation.h */,
				557BCFAE18081980007E3D75 /* DUConcurrentOperation.m */,
			);
			name = Concurrency;
			path = Classes/Concurrency;
			sourceTree = "<group>";
		};
		557BCFB418081981007E3D75 /* CoreData */ = {
			isa = PBXGroup;
			children = (
				557BCFB518081981007E3D75 /* DUCoreDataManager.h */,
				557BCFB618081981007E3D75 /* DUCoreDataManager.m */,
			);
			name = CoreData;
			path = Classes/CoreData;
			sourceTree = "<group>";
		};
		557BCFE018081981007E3D75 /* DUTwoSegmentedControl */ = {
			isa = PBXGroup;
			children = (
				557BCFE118081981007E3D75 /* DUTwoSegmentedControl.h */,
				557BCFE218081981007E3D75 /* DUTwoSegmentedControl.m */,
			);
			name = DUTwoSegmentedControl;
			path = Classes/DUTwoSegmentedControl;
			sourceTree = "<group>";
		};
		557BCFE318081981007E3D75 /* Gestures */ = {
			isa = PBXGroup;
			children = (
				557BCFE618081981007E3D75 /* DUTouchDownGestureRecogniser.h */,
				557BCFE718081981007E3D75 /* DUTouchDownGestureRecogniser.m */,
				557BCFE418081981007E3D75 /* DUGestureFactory.h */,
				557BCFE518081981007E3D75 /* DUGestureFactory.m */,
			);
			name = Gestures;
			path = Classes/Gestures;
			sourceTree = "<group>";
		};
		557BCFF518081981007E3D75 /* Keychain */ = {
			isa = PBXGroup;
			children = (
				557BCFF618081981007E3D75 /* DUKeychain.h */,
				557BCFF718081981007E3D75 /* DUKeychain.m */,
			);
			name = Keychain;
			path = Classes/Keychain;
			sourceTree = "<group>";
		};
		557BCFFB18081981007E3D75 /* Localisation */ = {
			isa = PBXGroup;
			children = (
				557BCFFC18081981007E3D75 /* DULocalisation.h */,
				557BCFFD18081981007E3D75 /* DULocalisation.m */,
			);
			name = Localisation;
			path = Classes/Localisation;
			sourceTree = "<group>";
		};
		557BD00618081981007E3D75 /* Migration */ = {
			isa = PBXGroup;
			children = (
				557BD00718081981007E3D75 /* DUMigrationController.h */,
				557BD00818081981007E3D75 /* DUMigrationController.m */,
			);
			name = Migration;
			path = Classes/Migration;
			sourceTree = "<group>";
		};
		557BD00918081981007E3D75 /* ModalProgressView */ = {
			isa = PBXGroup;
			children = (
				557BD00A18081981007E3D75 /* DUModalProgressView.h */,
				557BD00B18081981007E3D75 /* DUModalProgressView.m */,
			);
			name = ModalProgressView;
			path = Classes/ModalProgressView;
			sourceTree = "<group>";
		};
		557BD02B18081981007E3D75 /* Properties */ = {
			isa = PBXGroup;
			children = (
				557BD02C18081981007E3D75 /* DUProperties.h */,
				557BD02D18081981007E3D75 /* DUProperties.m */,
			);
			name = Properties;
			path = Classes/Properties;
			sourceTree = "<group>";
		};
		557BD03418081981007E3D75 /* StateMachine */ = {
			isa = PBXGroup;
			children = (
				557BD03518081981007E3D75 /* DUStateMachine.h */,
				557BD03618081981007E3D75 /* DUStateMachine.m */,
			);
			name = StateMachine;
			path = Classes/StateMachine;
			sourceTree = "<group>";
		};
		5580C34218BF813D001FD2A9 /* Submodules */ = {
			isa = PBXGroup;
			children = (
				5580C34318BF81BF001FD2A9 /* MagicalRecord */,
			);
			name = Submodules;
			sourceTree = "<group>";
		};
		5580C34318BF81BF001FD2A9 /* MagicalRecord */ = {
			isa = PBXGroup;
			children = (
				5580C34418BF81E9001FD2A9 /* Categories */,
				5580C36E18BF81E9001FD2A9 /* Core */,
				5580C37E18BF81E9001FD2A9 /* CoreData+MagicalRecord.h */,
			);
			name = MagicalRecord;
			sourceTree = "<group>";
		};
		5580C34418BF81E9001FD2A9 /* Categories */ = {
			isa = PBXGroup;
			children = (
				5580C34518BF81E9001FD2A9 /* DataImport */,
				5580C35418BF81E9001FD2A9 /* NSManagedObject */,
				5580C35F18BF81E9001FD2A9 /* NSManagedObjectContext */,
				5580C36818BF81E9001FD2A9 /* NSManagedObjectModel+MagicalRecord.h */,
				5580C36918BF81E9001FD2A9 /* NSManagedObjectModel+MagicalRecord.m */,
				5580C36A18BF81E9001FD2A9 /* NSPersistentStore+MagicalRecord.h */,
				5580C36B18BF81E9001FD2A9 /* NSPersistentStore+MagicalRecord.m */,
				5580C36C18BF81E9001FD2A9 /* NSPersistentStoreCoordinator+MagicalRecord.h */,
				5580C36D18BF81E9001FD2A9 /* NSPersistentStoreCoordinator+MagicalRecord.m */,
			);
			name = Categories;
			path = "Submodules/MagicalRecord-DevedUp/MagicalRecord/Categories";
			sourceTree = "<group>";
		};
		5580C34518BF81E9001FD2A9 /* DataImport */ = {
			isa = PBXGroup;
			children = (
				5580C34618BF81E9001FD2A9 /* MagicalImportFunctions.h */,
				5580C34718BF81E9001FD2A9 /* MagicalImportFunctions.m */,
				5580C34818BF81E9001FD2A9 /* NSAttributeDescription+MagicalDataImport.h */,
				5580C34918BF81E9001FD2A9 /* NSAttributeDescription+MagicalDataImport.m */,
				5580C34A18BF81E9001FD2A9 /* NSEntityDescription+MagicalDataImport.h */,
				5580C34B18BF81E9001FD2A9 /* NSEntityDescription+MagicalDataImport.m */,
				5580C34C18BF81E9001FD2A9 /* NSNumber+MagicalDataImport.h */,
				5580C34D18BF81E9001FD2A9 /* NSNumber+MagicalDataImport.m */,
				5580C34E18BF81E9001FD2A9 /* NSObject+MagicalDataImport.h */,
				5580C34F18BF81E9001FD2A9 /* NSObject+MagicalDataImport.m */,
				5580C35018BF81E9001FD2A9 /* NSRelationshipDescription+MagicalDataImport.h */,
				5580C35118BF81E9001FD2A9 /* NSRelationshipDescription+MagicalDataImport.m */,
				5580C35218BF81E9001FD2A9 /* NSString+MagicalDataImport.h */,
				5580C35318BF81E9001FD2A9 /* NSString+MagicalDataImport.m */,
			);
			path = DataImport;
			sourceTree = "<group>";
		};
		5580C35418BF81E9001FD2A9 /* NSManagedObject */ = {
			isa = PBXGroup;
			children = (
				5580C35518BF81E9001FD2A9 /* NSManagedObject+MagicalAggregation.h */,
				5580C35618BF81E9001FD2A9 /* NSManagedObject+MagicalAggregation.m */,
				5580C35718BF81E9001FD2A9 /* NSManagedObject+MagicalDataImport.h */,
				5580C35818BF81E9001FD2A9 /* NSManagedObject+MagicalDataImport.m */,
				5580C35918BF81E9001FD2A9 /* NSManagedObject+MagicalFinders.h */,
				5580C35A18BF81E9001FD2A9 /* NSManagedObject+MagicalFinders.m */,
				5580C35B18BF81E9001FD2A9 /* NSManagedObject+MagicalRecord.h */,
				5580C35C18BF81E9001FD2A9 /* NSManagedObject+MagicalRecord.m */,
				5580C35D18BF81E9001FD2A9 /* NSManagedObject+MagicalRequests.h */,
				5580C35E18BF81E9001FD2A9 /* NSManagedObject+MagicalRequests.m */,
			);
			path = NSManagedObject;
			sourceTree = "<group>";
		};
		5580C35F18BF81E9001FD2A9 /* NSManagedObjectContext */ = {
			isa = PBXGroup;
			children = (
				5580C36018BF81E9001FD2A9 /* NSManagedObjectContext+MagicalObserving.h */,
				5580C36118BF81E9001FD2A9 /* NSManagedObjectContext+MagicalObserving.m */,
				5580C36218BF81E9001FD2A9 /* NSManagedObjectContext+MagicalRecord.h */,
				5580C36318BF81E9001FD2A9 /* NSManagedObjectContext+MagicalRecord.m */,
				5580C36418BF81E9001FD2A9 /* NSManagedObjectContext+MagicalSaves.h */,
				5580C36518BF81E9001FD2A9 /* NSManagedObjectContext+MagicalSaves.m */,
				5580C36618BF81E9001FD2A9 /* NSManagedObjectContext+MagicalThreading.h */,
				5580C36718BF81E9001FD2A9 /* NSManagedObjectContext+MagicalThreading.m */,
			);
			path = NSManagedObjectContext;
			sourceTree = "<group>";
		};
		5580C36E18BF81E9001FD2A9 /* Core */ = {
			isa = PBXGroup;
			children = (
				5580C36F18BF81E9001FD2A9 /* MagicalRecord+Actions.h */,
				5580C37018BF81E9001FD2A9 /* MagicalRecord+Actions.m */,
				5580C37118BF81E9001FD2A9 /* MagicalRecord+ErrorHandling.h */,
				5580C37218BF81E9001FD2A9 /* MagicalRecord+ErrorHandling.m */,
				5580C37318BF81E9001FD2A9 /* MagicalRecord+iCloud.h */,
				5580C37418BF81E9001FD2A9 /* MagicalRecord+iCloud.m */,
				5580C37518BF81E9001FD2A9 /* MagicalRecord+Options.h */,
				5580C37618BF81E9001FD2A9 /* MagicalRecord+Options.m */,
				5580C37718BF81E9001FD2A9 /* MagicalRecord+Setup.h */,
				5580C37818BF81E9001FD2A9 /* MagicalRecord+Setup.m */,
				5580C37918BF81E9001FD2A9 /* MagicalRecord+ShorthandSupport.h */,
				5580C37A18BF81E9001FD2A9 /* MagicalRecord+ShorthandSupport.m */,
				5580C37B18BF81E9001FD2A9 /* MagicalRecord.h */,
				5580C37C18BF81E9001FD2A9 /* MagicalRecord.m */,
				5580C37D18BF81E9001FD2A9 /* MagicalRecordShorthand.h */,
			);
			name = Core;
			path = "Submodules/MagicalRecord-DevedUp/MagicalRecord/Core";
			sourceTree = "<group>";
		};
		55DC7AB019DB3DE30064E0E5 /* Classes */ = {
			isa = PBXGroup;
			children = (
				550846FF1AA5FAE300E33BE2 /* DUFileLogger.h */,
				550847001AA5FAE300E33BE2 /* DUFileLogger.m */,
				557BD00118081981007E3D75 /* Macros.h */,
				559700E3180837400047DACB /* SystemVersionMacros.h */,
				557BCFDE18081981007E3D75 /* DUConstants.h */,
				557BCFDF18081981007E3D75 /* DUConstants.m */,
				55DC7AF019DB44AC0064E0E5 /* Logger.m */,
				55DC7AF119DB44AC0064E0E5 /* Logger.h */,
				5561FF9B18AE911F0014F1A7 /* DUVersion.h */,
				5561FF9C18AE911F0014F1A7 /* DUVersion.m */,
				55DC7AEC19DB43620064E0E5 /* NS-Extensions */,
				55DC7AEF19DB43FF0064E0E5 /* UIKit-Extensions */,
				55DC7AEB19DB43530064E0E5 /* Reachability */,
				557BCFF518081981007E3D75 /* Keychain */,
				557BCFA618081980007E3D75 /* Blocks */,
				557BD03418081981007E3D75 /* StateMachine */,
				557BCFAC18081980007E3D75 /* Concurrency */,
				557BCF9C18081980007E3D75 /* Analytics */,
				557BCFFB18081981007E3D75 /* Localisation */,
				557BCFB418081981007E3D75 /* CoreData */,
				55DC7AEE19DB43980064E0E5 /* Tables */,
				557BCFE318081981007E3D75 /* Gestures */,
				5500E91518EAC75C001B8CCB /* Gradient */,
				557BD00618081981007E3D75 /* Migration */,
				557BD00918081981007E3D75 /* ModalProgressView */,
				557BCFE018081981007E3D75 /* DUTwoSegmentedControl */,
				557BCFA318081980007E3D75 /* Autolayout */,
				557BD02B18081981007E3D75 /* Properties */,
			);
			name = Classes;
			sourceTree = "<group>";
		};
		55DC7AEB19DB43530064E0E5 /* Reachability */ = {
			isa = PBXGroup;
			children = (
				557BD01718081981007E3D75 /* Reachability.h */,
				557BD01818081981007E3D75 /* Reachability.m */,
			);
			name = Reachability;
			sourceTree = "<group>";
		};
		55DC7AEC19DB43620064E0E5 /* NS-Extensions */ = {
			isa = PBXGroup;
			children = (
				55DC7AF919DB45370064E0E5 /* NSNumberFormatter+Extensions.m */,
				55DC7AFA19DB45370064E0E5 /* NSNumberFormatter+Extensions.h */,
				55DC7AF619DB45180064E0E5 /* NSString+Extensions.m */,
				55DC7AF719DB45180064E0E5 /* NSString+Extensions.h */,
				557BD01E18081981007E3D75 /* NSDate+Extensions.h */,
				557BD01F18081981007E3D75 /* NSDate+Extensions.m */,
				557BD12B18081A47007E3D75 /* NSString+MD5.h */,
				557BD12C18081A47007E3D75 /* NSString+MD5.m */,
				559700E518083C3B0047DACB /* NSString+DUBase64.h */,
				559700E618083C3B0047DACB /* NSString+DUBase64.m */,
				557BD123180819FD007E3D75 /* NSString+DUExtension.h */,
				557BD124180819FD007E3D75 /* NSString+DUExtension.m */,
			);
			name = "NS-Extensions";
			sourceTree = "<group>";
		};
		55DC7AEE19DB43980064E0E5 /* Tables */ = {
			isa = PBXGroup;
			children = (
				557BD04918081981007E3D75 /* UITableView+DUExtensions.h */,
				557BD04A18081981007E3D75 /* UITableView+DUExtensions.m */,
			);
			name = Tables;
			sourceTree = "<group>";
		};
		55DC7AEF19DB43FF0064E0E5 /* UIKit-Extensions */ = {
			isa = PBXGroup;
			children = (
				55DC7AF319DB44EC0064E0E5 /* UIImage+ImageEffects.m */,
				55DC7AF419DB44EC0064E0E5 /* UIImage+ImageEffects.h */,
				557BD13718081A66007E3D75 /* UIImage+Additions.h */,
				557BD13818081A66007E3D75 /* UIImage+Additions.m */,
				557BD04418081981007E3D75 /* UIColor+Extensions.h */,
				557BD04518081981007E3D75 /* UIColor+Extensions.m */,
				557BD04618081981007E3D75 /* UIDevice+Extensions.h */,
				557BD04718081981007E3D75 /* UIDevice+Extensions.m */,
				557BD04D18081981007E3D75 /* UIView+DUExtensions.h */,
				557BD04E18081981007E3D75 /* UIView+DUExtensions.m */,
				557BCFA118081980007E3D75 /* UIView+DUBlur.h */,
				557BCFA218081980007E3D75 /* UIView+DUBlur.m */,
			);
			name = "UIKit-Extensions";
			sourceTree = "<group>";
		};
/* End PBXGroup section */

/* Begin PBXNativeTarget section */
		557BCE8918081534007E3D75 /* DevedUpKit */ = {
			isa = PBXNativeTarget;
			buildConfigurationList = 557BCEAD18081534007E3D75 /* Build configuration list for PBXNativeTarget "DevedUpKit" */;
			buildPhases = (
				557BCE8618081534007E3D75 /* Sources */,
				557BCE8718081534007E3D75 /* Frameworks */,
				557BCE8818081534007E3D75 /* Copy Header Files */,
			);
			buildRules = (
			);
			dependencies = (
			);
			name = DevedUpKit;
			productName = DevedUpKit;
			productReference = 557BCE8A18081534007E3D75 /* libDevedUpKit.a */;
			productType = "com.apple.product-type.library.static";
		};
		557BCE9918081534007E3D75 /* DevedUpKitTests */ = {
			isa = PBXNativeTarget;
			buildConfigurationList = 557BCEB018081534007E3D75 /* Build configuration list for PBXNativeTarget "DevedUpKitTests" */;
			buildPhases = (
				557BCE9618081534007E3D75 /* Sources */,
				557BCE9718081534007E3D75 /* Frameworks */,
				557BCE9818081534007E3D75 /* Resources */,
			);
			buildRules = (
			);
			dependencies = (
				557BCEA118081534007E3D75 /* PBXTargetDependency */,
			);
			name = DevedUpKitTests;
			productName = DevedUpKitTests;
			productReference = 557BCE9A18081534007E3D75 /* DevedUpKitTests.xctest */;
			productType = "com.apple.product-type.bundle.unit-test";
		};
/* End PBXNativeTarget section */

/* Begin PBXProject section */
		557BCE8218081534007E3D75 /* Project object */ = {
			isa = PBXProject;
			attributes = {
				LastUpgradeCheck = 0600;
				ORGANIZATIONNAME = DevedUp;
			};
			buildConfigurationList = 557BCE8518081534007E3D75 /* Build configuration list for PBXProject "DevedUpKit" */;
			compatibilityVersion = "Xcode 3.2";
			developmentRegion = English;
			hasScannedForEncodings = 0;
			knownRegions = (
				en,
			);
			mainGroup = 557BCE8118081534007E3D75;
			productRefGroup = 557BCE8B18081534007E3D75 /* Products */;
			projectDirPath = "";
			projectRoot = "";
			targets = (
				557BCE8918081534007E3D75 /* DevedUpKit */,
				557BCE9918081534007E3D75 /* DevedUpKitTests */,
			);
		};
/* End PBXProject section */

/* Begin PBXResourcesBuildPhase section */
		557BCE9818081534007E3D75 /* Resources */ = {
			isa = PBXResourcesBuildPhase;
			buildActionMask = 2147483647;
			files = (
				557BCEA818081534007E3D75 /* InfoPlist.strings in Resources */,
			);
			runOnlyForDeploymentPostprocessing = 0;
		};
/* End PBXResourcesBuildPhase section */

/* Begin PBXSourcesBuildPhase section */
		557BCE8618081534007E3D75 /* Sources */ = {
			isa = PBXSourcesBuildPhase;
			buildActionMask = 2147483647;
			files = (
				5580C39518BF81E9001FD2A9 /* NSManagedObject+MagicalRequests.m in Sources */,
				557BD0D318081981007E3D75 /* Reachability.m in Sources */,
				557BD13118081A47007E3D75 /* NSString+MD5.m in Sources */,
				5580C3B118BF81E9001FD2A9 /* MagicalRecord.m in Sources */,
				5580C3AF18BF81E9001FD2A9 /* MagicalRecord+ShorthandSupport.m in Sources */,
				5580C3A718BF81E9001FD2A9 /* MagicalRecord+ErrorHandling.m in Sources */,
				5580C38918BF81E9001FD2A9 /* NSRelationshipDescription+MagicalDataImport.m in Sources */,
				5580C39F18BF81E9001FD2A9 /* NSManagedObjectModel+MagicalRecord.m in Sources */,
				557BD0AB18081981007E3D75 /* DUTwoSegmentedControl.m in Sources */,
				55DC7AF819DB45180064E0E5 /* NSString+Extensions.m in Sources */,
				557BD125180819FD007E3D75 /* NSString+DUExtension.m in Sources */,
				5580C3A318BF81E9001FD2A9 /* NSPersistentStoreCoordinator+MagicalRecord.m in Sources */,
				5580C38518BF81E9001FD2A9 /* NSNumber+MagicalDataImport.m in Sources */,
				5580C3AD18BF81E9001FD2A9 /* MagicalRecord+Setup.m in Sources */,
				557BD0FD18081981007E3D75 /* UITableView+DUExtensions.m in Sources */,
				5580C39B18BF81E9001FD2A9 /* NSManagedObjectContext+MagicalSaves.m in Sources */,
				5580C38D18BF81E9001FD2A9 /* NSManagedObject+MagicalAggregation.m in Sources */,
				55DC7AF519DB44EC0064E0E5 /* UIImage+ImageEffects.m in Sources */,
				5580C38718BF81E9001FD2A9 /* NSObject+MagicalDataImport.m in Sources */,
				5580C39918BF81E9001FD2A9 /* NSManagedObjectContext+MagicalRecord.m in Sources */,
				55DC7AFB19DB45370064E0E5 /* NSNumberFormatter+Extensions.m in Sources */,
				5580C3A118BF81E9001FD2A9 /* NSPersistentStore+MagicalRecord.m in Sources */,
				557BD07718081981007E3D75 /* DUBlocks.m in Sources */,
				559700E718083C3B0047DACB /* NSString+DUBase64.m in Sources */,
				557BD07318081981007E3D75 /* UIView+DUBlur.m in Sources */,
				557BD07B18081981007E3D75 /* DUConcurrentOperation.m in Sources */,
				557BD0C718081981007E3D75 /* DUModalProgressView.m in Sources */,
				5580C39D18BF81E9001FD2A9 /* NSManagedObjectContext+MagicalThreading.m in Sources */,
				557BD0C518081981007E3D75 /* DUMigrationController.m in Sources */,
				557BD10118081981007E3D75 /* UIView+DUExtensions.m in Sources */,
				5580C3A518BF81E9001FD2A9 /* MagicalRecord+Actions.m in Sources */,
				557BD0F918081981007E3D75 /* UIColor+Extensions.m in Sources */,
				5580C39118BF81E9001FD2A9 /* NSManagedObject+MagicalFinders.m in Sources */,
				5580C39318BF81E9001FD2A9 /* NSManagedObject+MagicalRecord.m in Sources */,
				557BD07518081981007E3D75 /* DUAutolayout.m in Sources */,
				557BD0FB18081981007E3D75 /* UIDevice+Extensions.m in Sources */,
				557BD08118081981007E3D75 /* DUCoreDataManager.m in Sources */,
				5580C39718BF81E9001FD2A9 /* NSManagedObjectContext+MagicalObserving.m in Sources */,
				557BD14118081A66007E3D75 /* UIImage+Additions.m in Sources */,
				557BD0EB18081981007E3D75 /* DUStateMachine.m in Sources */,
				5580C38F18BF81E9001FD2A9 /* NSManagedObject+MagicalDataImport.m in Sources */,
				5580C37F18BF81E9001FD2A9 /* MagicalImportFunctions.m in Sources */,
				557BD0B918081981007E3D75 /* DUKeychain.m in Sources */,
				557BD0A918081981007E3D75 /* DUConstants.m in Sources */,
				550847011AA5FAE300E33BE2 /* DUFileLogger.m in Sources */,
				557BD0E518081981007E3D75 /* DUProperties.m in Sources */,
				557BD0BD18081981007E3D75 /* DULocalisation.m in Sources */,
				55DC7AF219DB44AC0064E0E5 /* Logger.m in Sources */,
				5500E91818EAC788001B8CCB /* DUGradientBackgroundView.m in Sources */,
				5580C38318BF81E9001FD2A9 /* NSEntityDescription+MagicalDataImport.m in Sources */,
				5580C3A918BF81E9001FD2A9 /* MagicalRecord+iCloud.m in Sources */,
				557BD0AD18081981007E3D75 /* DUGestureFactory.m in Sources */,
				5580C38B18BF81E9001FD2A9 /* NSString+MagicalDataImport.m in Sources */,
				5561FF9D18AE911F0014F1A7 /* DUVersion.m in Sources */,
				5580C38118BF81E9001FD2A9 /* NSAttributeDescription+MagicalDataImport.m in Sources */,
				557BD0D918081981007E3D75 /* NSDate+Extensions.m in Sources */,
				557BD0AF18081981007E3D75 /* DUTouchDownGestureRecogniser.m in Sources */,
				5580C3AB18BF81E9001FD2A9 /* MagicalRecord+Options.m in Sources */,
			);
			runOnlyForDeploymentPostprocessing = 0;
		};
		557BCE9618081534007E3D75 /* Sources */ = {
			isa = PBXSourcesBuildPhase;
			buildActionMask = 2147483647;
			files = (
				5580C39418BF81E9001FD2A9 /* NSManagedObject+MagicalRecord.m in Sources */,
				5580C3B218BF81E9001FD2A9 /* MagicalRecord.m in Sources */,
				5580C38218BF81E9001FD2A9 /* NSAttributeDescription+MagicalDataImport.m in Sources */,
				5580C39618BF81E9001FD2A9 /* NSManagedObject+MagicalRequests.m in Sources */,
				5580C38A18BF81E9001FD2A9 /* NSRelationshipDescription+MagicalDataImport.m in Sources */,
				5580C38018BF81E9001FD2A9 /* MagicalImportFunctions.m in Sources */,
				5580C39E18BF81E9001FD2A9 /* NSManagedObjectContext+MagicalThreading.m in Sources */,
				5580C39818BF81E9001FD2A9 /* NSManagedObjectContext+MagicalObserving.m in Sources */,
				5580C38418BF81E9001FD2A9 /* NSEntityDescription+MagicalDataImport.m in Sources */,
				5561FFA418AEB6870014F1A7 /* DUVersion.m in Sources */,
				5580C3A418BF81E9001FD2A9 /* NSPersistentStoreCoordinator+MagicalRecord.m in Sources */,
				5580C3A018BF81E9001FD2A9 /* NSManagedObjectModel+MagicalRecord.m in Sources */,
				5580C3A218BF81E9001FD2A9 /* NSPersistentStore+MagicalRecord.m in Sources */,
				5580C3AA18BF81E9001FD2A9 /* MagicalRecord+iCloud.m in Sources */,
				5580C3B018BF81E9001FD2A9 /* MagicalRecord+ShorthandSupport.m in Sources */,
				5580C39218BF81E9001FD2A9 /* NSManagedObject+MagicalFinders.m in Sources */,
				5580C38818BF81E9001FD2A9 /* NSObject+MagicalDataImport.m in Sources */,
				5580C38C18BF81E9001FD2A9 /* NSString+MagicalDataImport.m in Sources */,
				5561FFA318AE97450014F1A7 /* TestDUVersion.m in Sources */,
				5580C39C18BF81E9001FD2A9 /* NSManagedObjectContext+MagicalSaves.m in Sources */,
				5580C38E18BF81E9001FD2A9 /* NSManagedObject+MagicalAggregation.m in Sources */,
				5580C3AC18BF81E9001FD2A9 /* MagicalRecord+Options.m in Sources */,
				5580C3AE18BF81E9001FD2A9 /* MagicalRecord+Setup.m in Sources */,
				5580C3A818BF81E9001FD2A9 /* MagicalRecord+ErrorHandling.m in Sources */,
				5500E91918EAC788001B8CCB /* DUGradientBackgroundView.m in Sources */,
				5580C3A618BF81E9001FD2A9 /* MagicalRecord+Actions.m in Sources */,
				5561FFA218AE973F0014F1A7 /* DevedUpKitTests.m in Sources */,
				5580C39A18BF81E9001FD2A9 /* NSManagedObjectContext+MagicalRecord.m in Sources */,
				5580C38618BF81E9001FD2A9 /* NSNumber+MagicalDataImport.m in Sources */,
				5580C39018BF81E9001FD2A9 /* NSManagedObject+MagicalDataImport.m in Sources */,
			);
			runOnlyForDeploymentPostprocessing = 0;
		};
/* End PBXSourcesBuildPhase section */

/* Begin PBXTargetDependency section */
		557BCEA118081534007E3D75 /* PBXTargetDependency */ = {
			isa = PBXTargetDependency;
			target = 557BCE8918081534007E3D75 /* DevedUpKit */;
			targetProxy = 557BCEA018081534007E3D75 /* PBXContainerItemProxy */;
		};
/* End PBXTargetDependency section */

/* Begin PBXVariantGroup section */
		557BCEA618081534007E3D75 /* InfoPlist.strings */ = {
			isa = PBXVariantGroup;
			children = (
				557BCEA718081534007E3D75 /* en */,
			);
			name = InfoPlist.strings;
			sourceTree = "<group>";
		};
/* End PBXVariantGroup section */

/* Begin XCBuildConfiguration section */
		557BCEAB18081534007E3D75 /* Debug */ = {
			isa = XCBuildConfiguration;
			buildSettings = {
				ALWAYS_SEARCH_USER_PATHS = NO;
				CLANG_CXX_LANGUAGE_STANDARD = "gnu++0x";
				CLANG_CXX_LIBRARY = "libc++";
				CLANG_ENABLE_MODULES = YES;
				CLANG_ENABLE_OBJC_ARC = YES;
				CLANG_WARN_BOOL_CONVERSION = YES;
				CLANG_WARN_CONSTANT_CONVERSION = YES;
				CLANG_WARN_DIRECT_OBJC_ISA_USAGE = YES_ERROR;
				CLANG_WARN_EMPTY_BODY = YES;
				CLANG_WARN_ENUM_CONVERSION = YES;
				CLANG_WARN_INT_CONVERSION = YES;
				CLANG_WARN_OBJC_ROOT_CLASS = YES_ERROR;
				CLANG_WARN__DUPLICATE_METHOD_MATCH = YES;
				COPY_PHASE_STRIP = NO;
				GCC_C_LANGUAGE_STANDARD = gnu99;
				GCC_DYNAMIC_NO_PIC = NO;
				GCC_OPTIMIZATION_LEVEL = 0;
				GCC_PREPROCESSOR_DEFINITIONS = DEBUG;
				GCC_SYMBOLS_PRIVATE_EXTERN = NO;
				GCC_WARN_64_TO_32_BIT_CONVERSION = YES;
				GCC_WARN_ABOUT_RETURN_TYPE = YES_ERROR;
				GCC_WARN_UNDECLARED_SELECTOR = YES;
				GCC_WARN_UNINITIALIZED_AUTOS = YES;
				GCC_WARN_UNUSED_FUNCTION = YES;
				GCC_WARN_UNUSED_VARIABLE = YES;
				HEADER_SEARCH_PATHS = "$(inherited)";
				IPHONEOS_DEPLOYMENT_TARGET = 7.0;
				ONLY_ACTIVE_ARCH = NO;
				OTHER_LDFLAGS = "";
				OTHER_LIBTOOLFLAGS = "-ObjC";
				SDKROOT = iphoneos;
				VALID_ARCHS = "i386 arm64 armv7s armv7";
			};
			name = Debug;
		};
		557BCEAC18081534007E3D75 /* Release */ = {
			isa = XCBuildConfiguration;
			buildSettings = {
				ALWAYS_SEARCH_USER_PATHS = NO;
				CLANG_CXX_LANGUAGE_STANDARD = "gnu++0x";
				CLANG_CXX_LIBRARY = "libc++";
				CLANG_ENABLE_MODULES = YES;
				CLANG_ENABLE_OBJC_ARC = YES;
				CLANG_WARN_BOOL_CONVERSION = YES;
				CLANG_WARN_CONSTANT_CONVERSION = YES;
				CLANG_WARN_DIRECT_OBJC_ISA_USAGE = YES_ERROR;
				CLANG_WARN_EMPTY_BODY = YES;
				CLANG_WARN_ENUM_CONVERSION = YES;
				CLANG_WARN_INT_CONVERSION = YES;
				CLANG_WARN_OBJC_ROOT_CLASS = YES_ERROR;
				CLANG_WARN__DUPLICATE_METHOD_MATCH = YES;
				COPY_PHASE_STRIP = YES;
				ENABLE_NS_ASSERTIONS = NO;
				GCC_C_LANGUAGE_STANDARD = gnu99;
				GCC_PREPROCESSOR_DEFINITIONS = (
					APP_STORE_VERSION,
					RELEASE,
				);
				GCC_WARN_64_TO_32_BIT_CONVERSION = YES;
				GCC_WARN_ABOUT_RETURN_TYPE = YES_ERROR;
				GCC_WARN_UNDECLARED_SELECTOR = YES;
				GCC_WARN_UNINITIALIZED_AUTOS = YES;
				GCC_WARN_UNUSED_FUNCTION = YES;
				GCC_WARN_UNUSED_VARIABLE = YES;
				HEADER_SEARCH_PATHS = "$(inherited)";
				IPHONEOS_DEPLOYMENT_TARGET = 7.0;
				OTHER_LDFLAGS = "";
				OTHER_LIBTOOLFLAGS = "-ObjC";
				SDKROOT = iphoneos;
				VALIDATE_PRODUCT = YES;
				VALID_ARCHS = "i386 arm64 armv7s armv7";
			};
			name = Release;
		};
		557BCEAE18081534007E3D75 /* Debug */ = {
			isa = XCBuildConfiguration;
			buildSettings = {
				DSTROOT = /tmp/DevedUpKit.dst;
				GCC_PRECOMPILE_PREFIX_HEADER = YES;
				GCC_PREFIX_HEADER = "DevedUpKit-Prefix.pch";
				GCC_PREPROCESSOR_DEFINITIONS = "$(inherited)";
				ONLY_ACTIVE_ARCH = NO;
				OTHER_LDFLAGS = "-ObjC";
				PRODUCT_NAME = "$(TARGET_NAME)";
				SKIP_INSTALL = YES;
				USER_HEADER_SEARCH_PATHS = "\"$(SRCROOT)/Submodules/MagicalRecord-DevedUp/MagicalRecord\"/**";
				VALID_ARCHS = "$(inherited)";
			};
			name = Debug;
		};
		557BCEAF18081534007E3D75 /* Release */ = {
			isa = XCBuildConfiguration;
			buildSettings = {
				DSTROOT = /tmp/DevedUpKit.dst;
				GCC_PRECOMPILE_PREFIX_HEADER = YES;
				GCC_PREFIX_HEADER = "DevedUpKit-Prefix.pch";
				GCC_PREPROCESSOR_DEFINITIONS = "$(inherited)";
				OTHER_LDFLAGS = "-ObjC";
				PRODUCT_NAME = "$(TARGET_NAME)";
				SKIP_INSTALL = YES;
				USER_HEADER_SEARCH_PATHS = "\"$(SRCROOT)/Submodules/MagicalRecord-DevedUp/MagicalRecord\"/**";
				VALID_ARCHS = "$(inherited)";
			};
			name = Release;
		};
		557BCEB118081534007E3D75 /* Debug */ = {
			isa = XCBuildConfiguration;
			buildSettings = {
				FRAMEWORK_SEARCH_PATHS = (
					"$(SDKROOT)/Developer/Library/Frameworks",
					"$(inherited)",
					"$(DEVELOPER_FRAMEWORKS_DIR)",
				);
				GCC_PRECOMPILE_PREFIX_HEADER = YES;
				GCC_PREFIX_HEADER = "DevedUpKit-Prefix.pch";
				GCC_PREPROCESSOR_DEFINITIONS = (
					"DEBUG=1",
					"$(inherited)",
				);
				INFOPLIST_FILE = "DevedUpKitTests/DevedUpKitTests-Info.plist";
				PRODUCT_NAME = "$(TARGET_NAME)";
				WRAPPER_EXTENSION = xctest;
			};
			name = Debug;
		};
		557BCEB218081534007E3D75 /* Release */ = {
			isa = XCBuildConfiguration;
			buildSettings = {
				FRAMEWORK_SEARCH_PATHS = (
					"$(SDKROOT)/Developer/Library/Frameworks",
					"$(inherited)",
					"$(DEVELOPER_FRAMEWORKS_DIR)",
				);
				GCC_PRECOMPILE_PREFIX_HEADER = YES;
				GCC_PREFIX_HEADER = "DevedUpKit-Prefix.pch";
				INFOPLIST_FILE = "DevedUpKitTests/DevedUpKitTests-Info.plist";
				PRODUCT_NAME = "$(TARGET_NAME)";
				WRAPPER_EXTENSION = xctest;
			};
			name = Release;
		};
		558FDD601843FFAD00229555 /* TestFlight */ = {
			isa = XCBuildConfiguration;
			buildSettings = {
				ALWAYS_SEARCH_USER_PATHS = NO;
				CLANG_CXX_LANGUAGE_STANDARD = "gnu++0x";
				CLANG_CXX_LIBRARY = "libc++";
				CLANG_ENABLE_MODULES = YES;
				CLANG_ENABLE_OBJC_ARC = YES;
				CLANG_WARN_BOOL_CONVERSION = YES;
				CLANG_WARN_CONSTANT_CONVERSION = YES;
				CLANG_WARN_DIRECT_OBJC_ISA_USAGE = YES_ERROR;
				CLANG_WARN_EMPTY_BODY = YES;
				CLANG_WARN_ENUM_CONVERSION = YES;
				CLANG_WARN_INT_CONVERSION = YES;
				CLANG_WARN_OBJC_ROOT_CLASS = YES_ERROR;
				CLANG_WARN__DUPLICATE_METHOD_MATCH = YES;
				COPY_PHASE_STRIP = YES;
				ENABLE_NS_ASSERTIONS = NO;
				GCC_C_LANGUAGE_STANDARD = gnu99;
				GCC_PREPROCESSOR_DEFINITIONS = (
					TEST_FLIGHT,
					RELEASE,
				);
				GCC_WARN_64_TO_32_BIT_CONVERSION = YES;
				GCC_WARN_ABOUT_RETURN_TYPE = YES_ERROR;
				GCC_WARN_UNDECLARED_SELECTOR = YES;
				GCC_WARN_UNINITIALIZED_AUTOS = YES;
				GCC_WARN_UNUSED_FUNCTION = YES;
				GCC_WARN_UNUSED_VARIABLE = YES;
				HEADER_SEARCH_PATHS = "$(inherited)";
				IPHONEOS_DEPLOYMENT_TARGET = 7.0;
				OTHER_LDFLAGS = "";
				OTHER_LIBTOOLFLAGS = "-ObjC";
				SDKROOT = iphoneos;
				VALIDATE_PRODUCT = YES;
				VALID_ARCHS = "i386 arm64 armv7s armv7";
			};
			name = TestFlight;
		};
		558FDD611843FFAD00229555 /* TestFlight */ = {
			isa = XCBuildConfiguration;
			buildSettings = {
				DSTROOT = /tmp/DevedUpKit.dst;
				GCC_PRECOMPILE_PREFIX_HEADER = YES;
				GCC_PREFIX_HEADER = "DevedUpKit-Prefix.pch";
				GCC_PREPROCESSOR_DEFINITIONS = "$(inherited)";
				OTHER_LDFLAGS = "-ObjC";
				PRODUCT_NAME = "$(TARGET_NAME)";
				SKIP_INSTALL = YES;
				USER_HEADER_SEARCH_PATHS = "\"$(SRCROOT)/Submodules/MagicalRecord-DevedUp/MagicalRecord\"/**";
				VALID_ARCHS = "$(inherited)";
			};
			name = TestFlight;
		};
		558FDD621843FFAD00229555 /* TestFlight */ = {
			isa = XCBuildConfiguration;
			buildSettings = {
				FRAMEWORK_SEARCH_PATHS = (
					"$(SDKROOT)/Developer/Library/Frameworks",
					"$(inherited)",
					"$(DEVELOPER_FRAMEWORKS_DIR)",
				);
				GCC_PRECOMPILE_PREFIX_HEADER = YES;
				GCC_PREFIX_HEADER = "DevedUpKit-Prefix.pch";
				INFOPLIST_FILE = "DevedUpKitTests/DevedUpKitTests-Info.plist";
				PRODUCT_NAME = "$(TARGET_NAME)";
				WRAPPER_EXTENSION = xctest;
			};
			name = TestFlight;
		};
		55B968E918BCB0F300C3CF23 /* Release_Validate_EE_Release */ = {
			isa = XCBuildConfiguration;
			buildSettings = {
				ALWAYS_SEARCH_USER_PATHS = NO;
				CLANG_CXX_LANGUAGE_STANDARD = "gnu++0x";
				CLANG_CXX_LIBRARY = "libc++";
				CLANG_ENABLE_MODULES = YES;
				CLANG_ENABLE_OBJC_ARC = YES;
				CLANG_WARN_BOOL_CONVERSION = YES;
				CLANG_WARN_CONSTANT_CONVERSION = YES;
				CLANG_WARN_DIRECT_OBJC_ISA_USAGE = YES_ERROR;
				CLANG_WARN_EMPTY_BODY = YES;
				CLANG_WARN_ENUM_CONVERSION = YES;
				CLANG_WARN_INT_CONVERSION = YES;
				CLANG_WARN_OBJC_ROOT_CLASS = YES_ERROR;
				CLANG_WARN__DUPLICATE_METHOD_MATCH = YES;
				COPY_PHASE_STRIP = YES;
				ENABLE_NS_ASSERTIONS = NO;
				GCC_C_LANGUAGE_STANDARD = gnu99;
				GCC_PREPROCESSOR_DEFINITIONS = (
					APP_STORE_VERSION,
					RELEASE,
				);
				GCC_WARN_64_TO_32_BIT_CONVERSION = YES;
				GCC_WARN_ABOUT_RETURN_TYPE = YES_ERROR;
				GCC_WARN_UNDECLARED_SELECTOR = YES;
				GCC_WARN_UNINITIALIZED_AUTOS = YES;
				GCC_WARN_UNUSED_FUNCTION = YES;
				GCC_WARN_UNUSED_VARIABLE = YES;
				HEADER_SEARCH_PATHS = "$(inherited)";
				IPHONEOS_DEPLOYMENT_TARGET = 7.0;
				OTHER_LDFLAGS = "";
				OTHER_LIBTOOLFLAGS = "-ObjC";
				SDKROOT = iphoneos;
				VALIDATE_PRODUCT = YES;
				VALID_ARCHS = "i386 arm64 armv7s armv7";
			};
			name = Release_Validate_EE_Release;
		};
		55B968EA18BCB0F300C3CF23 /* Release_Validate_EE_Release */ = {
			isa = XCBuildConfiguration;
			buildSettings = {
				DSTROOT = /tmp/DevedUpKit.dst;
				GCC_PRECOMPILE_PREFIX_HEADER = YES;
				GCC_PREFIX_HEADER = "DevedUpKit-Prefix.pch";
				GCC_PREPROCESSOR_DEFINITIONS = "$(inherited)";
				OTHER_LDFLAGS = "-ObjC";
				PRODUCT_NAME = "$(TARGET_NAME)";
				SKIP_INSTALL = YES;
				USER_HEADER_SEARCH_PATHS = "\"$(SRCROOT)/Submodules/MagicalRecord-DevedUp/MagicalRecord\"/**";
				VALID_ARCHS = "$(inherited)";
			};
			name = Release_Validate_EE_Release;
		};
		55B968EB18BCB0F300C3CF23 /* Release_Validate_EE_Release */ = {
			isa = XCBuildConfiguration;
			buildSettings = {
				FRAMEWORK_SEARCH_PATHS = (
					"$(SDKROOT)/Developer/Library/Frameworks",
					"$(inherited)",
					"$(DEVELOPER_FRAMEWORKS_DIR)",
				);
				GCC_PRECOMPILE_PREFIX_HEADER = YES;
				GCC_PREFIX_HEADER = "DevedUpKit-Prefix.pch";
				INFOPLIST_FILE = "DevedUpKitTests/DevedUpKitTests-Info.plist";
				PRODUCT_NAME = "$(TARGET_NAME)";
				WRAPPER_EXTENSION = xctest;
			};
			name = Release_Validate_EE_Release;
		};
/* End XCBuildConfiguration section */

/* Begin XCConfigurationList section */
		557BCE8518081534007E3D75 /* Build configuration list for PBXProject "DevedUpKit" */ = {
			isa = XCConfigurationList;
			buildConfigurations = (
				557BCEAB18081534007E3D75 /* Debug */,
				557BCEAC18081534007E3D75 /* Release */,
				55B968E918BCB0F300C3CF23 /* Release_Validate_EE_Release */,
				558FDD601843FFAD00229555 /* TestFlight */,
			);
			defaultConfigurationIsVisible = 0;
			defaultConfigurationName = Release;
		};
		557BCEAD18081534007E3D75 /* Build configuration list for PBXNativeTarget "DevedUpKit" */ = {
			isa = XCConfigurationList;
			buildConfigurations = (
				557BCEAE18081534007E3D75 /* Debug */,
				557BCEAF18081534007E3D75 /* Release */,
				55B968EA18BCB0F300C3CF23 /* Release_Validate_EE_Release */,
				558FDD611843FFAD00229555 /* TestFlight */,
			);
			defaultConfigurationIsVisible = 0;
			defaultConfigurationName = Release;
		};
		557BCEB018081534007E3D75 /* Build configuration list for PBXNativeTarget "DevedUpKitTests" */ = {
			isa = XCConfigurationList;
			buildConfigurations = (
				557BCEB118081534007E3D75 /* Debug */,
				557BCEB218081534007E3D75 /* Release */,
				55B968EB18BCB0F300C3CF23 /* Release_Validate_EE_Release */,
				558FDD621843FFAD00229555 /* TestFlight */,
			);
			defaultConfigurationIsVisible = 0;
			defaultConfigurationName = Release;
		};
/* End XCConfigurationList section */
	};
	rootObject = 557BCE8218081534007E3D75 /* Project object */;
}
